// !$*UTF8*$!
{
	archiveVersion = 1;
	classes = {
	};
	objectVersion = 46;
	objects = {

/* Begin PBXBuildFile section */
		A69FEC9889A574475B13A19F /* libPods-AMPSDK.a in Frameworks */ = {isa = PBXBuildFile; fileRef = D54E07F84F13ECFC8B757C8A /* libPods-AMPSDK.a */; };
		B39339841F78E573002C934F /* AMPSDK.framework in Frameworks */ = {isa = PBXBuildFile; fileRef = B393397A1F78E573002C934F /* AMPSDK.framework */; };
		B39339891F78E573002C934F /* AMPSDKTests.m in Sources */ = {isa = PBXBuildFile; fileRef = B39339881F78E573002C934F /* AMPSDKTests.m */; };
		B393398B1F78E573002C934F /* AMPSDK.h in Headers */ = {isa = PBXBuildFile; fileRef = B393397D1F78E573002C934F /* AMPSDK.h */; settings = {ATTRIBUTES = (Public, ); }; };
		B39339EC1F78E614002C934F /* WAGKeyChain.h in Headers */ = {isa = PBXBuildFile; fileRef = B39339941F78E614002C934F /* WAGKeyChain.h */; };
		B39339ED1F78E614002C934F /* WAGKeyChain.m in Sources */ = {isa = PBXBuildFile; fileRef = B39339951F78E614002C934F /* WAGKeyChain.m */; };
		B39339EE1F78E614002C934F /* WAGKeyChain.m in Sources */ = {isa = PBXBuildFile; fileRef = B39339951F78E614002C934F /* WAGKeyChain.m */; };
		B39339EF1F78E614002C934F /* WAGUserAgent.h in Headers */ = {isa = PBXBuildFile; fileRef = B39339961F78E614002C934F /* WAGUserAgent.h */; };
		B39339F01F78E614002C934F /* WAGUserAgent.m in Sources */ = {isa = PBXBuildFile; fileRef = B39339971F78E614002C934F /* WAGUserAgent.m */; };
		B39339F11F78E614002C934F /* WAGUserAgent.m in Sources */ = {isa = PBXBuildFile; fileRef = B39339971F78E614002C934F /* WAGUserAgent.m */; };
		B39339F21F78E614002C934F /* WAGUUIDHandler.h in Headers */ = {isa = PBXBuildFile; fileRef = B39339981F78E614002C934F /* WAGUUIDHandler.h */; };
		B39339F31F78E614002C934F /* WAGUUIDHandler.m in Sources */ = {isa = PBXBuildFile; fileRef = B39339991F78E614002C934F /* WAGUUIDHandler.m */; };
		B39339F41F78E614002C934F /* WAGUUIDHandler.m in Sources */ = {isa = PBXBuildFile; fileRef = B39339991F78E614002C934F /* WAGUUIDHandler.m */; };
		B39339F51F78E614002C934F /* BSBacktraceLogger.h in Headers */ = {isa = PBXBuildFile; fileRef = B393399B1F78E614002C934F /* BSBacktraceLogger.h */; };
		B39339F61F78E614002C934F /* BSBacktraceLogger.m in Sources */ = {isa = PBXBuildFile; fileRef = B393399C1F78E614002C934F /* BSBacktraceLogger.m */; };
		B39339F71F78E614002C934F /* BSBacktraceLogger.m in Sources */ = {isa = PBXBuildFile; fileRef = B393399C1F78E614002C934F /* BSBacktraceLogger.m */; };
		B39339F81F78E614002C934F /* KSCrash+APM.h in Headers */ = {isa = PBXBuildFile; fileRef = B393399D1F78E614002C934F /* KSCrash+APM.h */; };
		B39339F91F78E614002C934F /* KSCrash+APM.m in Sources */ = {isa = PBXBuildFile; fileRef = B393399E1F78E614002C934F /* KSCrash+APM.m */; };
		B39339FA1F78E614002C934F /* KSCrash+APM.m in Sources */ = {isa = PBXBuildFile; fileRef = B393399E1F78E614002C934F /* KSCrash+APM.m */; };
		B39339FB1F78E614002C934F /* KSCrashInstallation+APM.h in Headers */ = {isa = PBXBuildFile; fileRef = B393399F1F78E614002C934F /* KSCrashInstallation+APM.h */; };
		B39339FC1F78E614002C934F /* KSCrashInstallation+APM.m in Sources */ = {isa = PBXBuildFile; fileRef = B39339A01F78E614002C934F /* KSCrashInstallation+APM.m */; };
		B39339FD1F78E614002C934F /* KSCrashInstallation+APM.m in Sources */ = {isa = PBXBuildFile; fileRef = B39339A01F78E614002C934F /* KSCrashInstallation+APM.m */; };
		B39339FE1F78E614002C934F /* WAGKSCrashDoctor.h in Headers */ = {isa = PBXBuildFile; fileRef = B39339A11F78E614002C934F /* WAGKSCrashDoctor.h */; };
		B39339FF1F78E614002C934F /* WAGKSCrashDoctor.m in Sources */ = {isa = PBXBuildFile; fileRef = B39339A21F78E614002C934F /* WAGKSCrashDoctor.m */; };
		B3933A001F78E614002C934F /* WAGKSCrashDoctor.m in Sources */ = {isa = PBXBuildFile; fileRef = B39339A21F78E614002C934F /* WAGKSCrashDoctor.m */; };
		B3933A011F78E614002C934F /* WAGKSCrashInstallation.h in Headers */ = {isa = PBXBuildFile; fileRef = B39339A31F78E614002C934F /* WAGKSCrashInstallation.h */; };
		B3933A021F78E614002C934F /* WAGKSCrashInstallation.m in Sources */ = {isa = PBXBuildFile; fileRef = B39339A41F78E614002C934F /* WAGKSCrashInstallation.m */; };
		B3933A031F78E614002C934F /* WAGKSCrashInstallation.m in Sources */ = {isa = PBXBuildFile; fileRef = B39339A41F78E614002C934F /* WAGKSCrashInstallation.m */; };
		B3933A041F78E614002C934F /* WAGKSCrashMarcos.h in Headers */ = {isa = PBXBuildFile; fileRef = B39339A51F78E614002C934F /* WAGKSCrashMarcos.h */; };
		B3933A051F78E614002C934F /* WAGKSCrashReportSinkConsole.h in Headers */ = {isa = PBXBuildFile; fileRef = B39339A61F78E614002C934F /* WAGKSCrashReportSinkConsole.h */; };
		B3933A061F78E614002C934F /* WAGKSCrashReportSinkConsole.m in Sources */ = {isa = PBXBuildFile; fileRef = B39339A71F78E614002C934F /* WAGKSCrashReportSinkConsole.m */; };
		B3933A071F78E614002C934F /* WAGKSCrashReportSinkConsole.m in Sources */ = {isa = PBXBuildFile; fileRef = B39339A71F78E614002C934F /* WAGKSCrashReportSinkConsole.m */; };
		B3933A081F78E614002C934F /* WAGAPMCacheIOHandler.h in Headers */ = {isa = PBXBuildFile; fileRef = B39339A91F78E614002C934F /* WAGAPMCacheIOHandler.h */; };
		B3933A091F78E614002C934F /* WAGAPMCacheIOHandler.m in Sources */ = {isa = PBXBuildFile; fileRef = B39339AA1F78E614002C934F /* WAGAPMCacheIOHandler.m */; };
		B3933A0A1F78E614002C934F /* WAGAPMCacheIOHandler.m in Sources */ = {isa = PBXBuildFile; fileRef = B39339AA1F78E614002C934F /* WAGAPMCacheIOHandler.m */; };
		B3933A0B1F78E614002C934F /* c.h in Headers */ = {isa = PBXBuildFile; fileRef = B39339AC1F78E614002C934F /* c.h */; };
		B3933A0C1F78E614002C934F /* cache.h in Headers */ = {isa = PBXBuildFile; fileRef = B39339AD1F78E614002C934F /* cache.h */; };
		B3933A0D1F78E614002C934F /* comparator.h in Headers */ = {isa = PBXBuildFile; fileRef = B39339AE1F78E614002C934F /* comparator.h */; };
		B3933A0E1F78E614002C934F /* db.h in Headers */ = {isa = PBXBuildFile; fileRef = B39339AF1F78E614002C934F /* db.h */; };
		B3933A0F1F78E614002C934F /* env.h in Headers */ = {isa = PBXBuildFile; fileRef = B39339B01F78E614002C934F /* env.h */; };
		B3933A101F78E614002C934F /* filter_policy.h in Headers */ = {isa = PBXBuildFile; fileRef = B39339B11F78E614002C934F /* filter_policy.h */; };
		B3933A111F78E614002C934F /* iterator.h in Headers */ = {isa = PBXBuildFile; fileRef = B39339B21F78E614002C934F /* iterator.h */; };
		B3933A121F78E614002C934F /* options.h in Headers */ = {isa = PBXBuildFile; fileRef = B39339B31F78E614002C934F /* options.h */; };
		B3933A131F78E614002C934F /* slice.h in Headers */ = {isa = PBXBuildFile; fileRef = B39339B41F78E614002C934F /* slice.h */; };
		B3933A141F78E614002C934F /* status.h in Headers */ = {isa = PBXBuildFile; fileRef = B39339B51F78E614002C934F /* status.h */; };
		B3933A151F78E614002C934F /* table.h in Headers */ = {isa = PBXBuildFile; fileRef = B39339B61F78E614002C934F /* table.h */; };
		B3933A161F78E614002C934F /* table_builder.h in Headers */ = {isa = PBXBuildFile; fileRef = B39339B71F78E614002C934F /* table_builder.h */; };
		B3933A171F78E614002C934F /* write_batch.h in Headers */ = {isa = PBXBuildFile; fileRef = B39339B81F78E614002C934F /* write_batch.h */; };
		B3933A181F78E614002C934F /* libleveldb.a in Frameworks */ = {isa = PBXBuildFile; fileRef = B39339BB1F78E614002C934F /* libleveldb.a */; };
		B3933A191F78E614002C934F /* libleveldb.a in Frameworks */ = {isa = PBXBuildFile; fileRef = B39339BB1F78E614002C934F /* libleveldb.a */; };
		B3933A1A1F78E614002C934F /* WAGLevelDB.h in Headers */ = {isa = PBXBuildFile; fileRef = B39339BC1F78E614002C934F /* WAGLevelDB.h */; };
		B3933A1B1F78E614002C934F /* WAGLevelDB.mm in Sources */ = {isa = PBXBuildFile; fileRef = B39339BD1F78E614002C934F /* WAGLevelDB.mm */; };
		B3933A1C1F78E614002C934F /* WAGLevelDB.mm in Sources */ = {isa = PBXBuildFile; fileRef = B39339BD1F78E614002C934F /* WAGLevelDB.mm */; };
		B3933A1D1F78E614002C934F /* ApmLog.h in Headers */ = {isa = PBXBuildFile; fileRef = B39339BF1F78E614002C934F /* ApmLog.h */; };
		B3933A1E1F78E614002C934F /* ApmLog.m in Sources */ = {isa = PBXBuildFile; fileRef = B39339C01F78E614002C934F /* ApmLog.m */; };
		B3933A1F1F78E614002C934F /* ApmLog.m in Sources */ = {isa = PBXBuildFile; fileRef = B39339C01F78E614002C934F /* ApmLog.m */; };
		B3933A201F78E614002C934F /* LogDataProvider.h in Headers */ = {isa = PBXBuildFile; fileRef = B39339C11F78E614002C934F /* LogDataProvider.h */; };
		B3933A211F78E614002C934F /* LogDataProvider.m in Sources */ = {isa = PBXBuildFile; fileRef = B39339C21F78E614002C934F /* LogDataProvider.m */; };
		B3933A221F78E614002C934F /* LogDataProvider.m in Sources */ = {isa = PBXBuildFile; fileRef = B39339C21F78E614002C934F /* LogDataProvider.m */; };
		B3933A231F78E614002C934F /* AFNetworkActivityConsoleLogger.h in Headers */ = {isa = PBXBuildFile; fileRef = B39339C51F78E614002C934F /* AFNetworkActivityConsoleLogger.h */; };
		B3933A241F78E614002C934F /* AFNetworkActivityConsoleLogger.m in Sources */ = {isa = PBXBuildFile; fileRef = B39339C61F78E614002C934F /* AFNetworkActivityConsoleLogger.m */; };
		B3933A251F78E614002C934F /* AFNetworkActivityConsoleLogger.m in Sources */ = {isa = PBXBuildFile; fileRef = B39339C61F78E614002C934F /* AFNetworkActivityConsoleLogger.m */; };
		B3933A261F78E614002C934F /* AFNetworkActivityLogger.h in Headers */ = {isa = PBXBuildFile; fileRef = B39339C71F78E614002C934F /* AFNetworkActivityLogger.h */; };
		B3933A271F78E614002C934F /* AFNetworkActivityLogger.m in Sources */ = {isa = PBXBuildFile; fileRef = B39339C81F78E614002C934F /* AFNetworkActivityLogger.m */; };
		B3933A281F78E614002C934F /* AFNetworkActivityLogger.m in Sources */ = {isa = PBXBuildFile; fileRef = B39339C81F78E614002C934F /* AFNetworkActivityLogger.m */; };
		B3933A291F78E614002C934F /* AFNetworkActivityLoggerProtocol.h in Headers */ = {isa = PBXBuildFile; fileRef = B39339C91F78E614002C934F /* AFNetworkActivityLoggerProtocol.h */; };
		B3933A2A1F78E614002C934F /* WAGApiProxy+APM.h in Headers */ = {isa = PBXBuildFile; fileRef = B39339CB1F78E614002C934F /* WAGApiProxy+APM.h */; };
		B3933A2B1F78E614002C934F /* WAGApiProxy+APM.m in Sources */ = {isa = PBXBuildFile; fileRef = B39339CC1F78E614002C934F /* WAGApiProxy+APM.m */; };
		B3933A2C1F78E614002C934F /* WAGApiProxy+APM.m in Sources */ = {isa = PBXBuildFile; fileRef = B39339CC1F78E614002C934F /* WAGApiProxy+APM.m */; };
		B3933A2D1F78E614002C934F /* AliyunLogObjc.h in Headers */ = {isa = PBXBuildFile; fileRef = B39339CF1F78E614002C934F /* AliyunLogObjc.h */; };
		B3933A2E1F78E614002C934F /* Const.h in Headers */ = {isa = PBXBuildFile; fileRef = B39339D01F78E614002C934F /* Const.h */; };
		B3933A2F1F78E614002C934F /* Log.h in Headers */ = {isa = PBXBuildFile; fileRef = B39339D11F78E614002C934F /* Log.h */; };
		B3933A301F78E614002C934F /* Log.m in Sources */ = {isa = PBXBuildFile; fileRef = B39339D21F78E614002C934F /* Log.m */; };
		B3933A311F78E614002C934F /* Log.m in Sources */ = {isa = PBXBuildFile; fileRef = B39339D21F78E614002C934F /* Log.m */; };
		B3933A321F78E614002C934F /* LogClient.h in Headers */ = {isa = PBXBuildFile; fileRef = B39339D31F78E614002C934F /* LogClient.h */; };
		B3933A331F78E614002C934F /* LogClient.m in Sources */ = {isa = PBXBuildFile; fileRef = B39339D41F78E614002C934F /* LogClient.m */; };
		B3933A341F78E614002C934F /* LogClient.m in Sources */ = {isa = PBXBuildFile; fileRef = B39339D41F78E614002C934F /* LogClient.m */; };
		B3933A351F78E614002C934F /* LogGroup.h in Headers */ = {isa = PBXBuildFile; fileRef = B39339D51F78E614002C934F /* LogGroup.h */; };
		B3933A361F78E614002C934F /* LogGroup.m in Sources */ = {isa = PBXBuildFile; fileRef = B39339D61F78E614002C934F /* LogGroup.m */; };
		B3933A371F78E614002C934F /* LogGroup.m in Sources */ = {isa = PBXBuildFile; fileRef = B39339D61F78E614002C934F /* LogGroup.m */; };
		B3933A381F78E614002C934F /* LogHub.h in Headers */ = {isa = PBXBuildFile; fileRef = B39339D71F78E614002C934F /* LogHub.h */; };
		B3933A391F78E614002C934F /* LogHub.m in Sources */ = {isa = PBXBuildFile; fileRef = B39339D81F78E614002C934F /* LogHub.m */; };
		B3933A3A1F78E614002C934F /* LogHub.m in Sources */ = {isa = PBXBuildFile; fileRef = B39339D81F78E614002C934F /* LogHub.m */; };
		B3933A3B1F78E614002C934F /* NSData+GZIP.h in Headers */ = {isa = PBXBuildFile; fileRef = B39339D91F78E614002C934F /* NSData+GZIP.h */; };
		B3933A3C1F78E614002C934F /* NSData+GZIP.m in Sources */ = {isa = PBXBuildFile; fileRef = B39339DA1F78E614002C934F /* NSData+GZIP.m */; };
		B3933A3D1F78E614002C934F /* NSData+GZIP.m in Sources */ = {isa = PBXBuildFile; fileRef = B39339DA1F78E614002C934F /* NSData+GZIP.m */; };
		B3933A3E1F78E614002C934F /* NSData+MD5Digest.h in Headers */ = {isa = PBXBuildFile; fileRef = B39339DB1F78E614002C934F /* NSData+MD5Digest.h */; };
		B3933A3F1F78E614002C934F /* NSData+MD5Digest.m in Sources */ = {isa = PBXBuildFile; fileRef = B39339DC1F78E614002C934F /* NSData+MD5Digest.m */; };
		B3933A401F78E614002C934F /* NSData+MD5Digest.m in Sources */ = {isa = PBXBuildFile; fileRef = B39339DC1F78E614002C934F /* NSData+MD5Digest.m */; };
		B3933A411F78E614002C934F /* NSString+Crypto.h in Headers */ = {isa = PBXBuildFile; fileRef = B39339DD1F78E614002C934F /* NSString+Crypto.h */; };
		B3933A421F78E614002C934F /* NSString+Crypto.m in Sources */ = {isa = PBXBuildFile; fileRef = B39339DE1F78E614002C934F /* NSString+Crypto.m */; };
		B3933A431F78E614002C934F /* NSString+Crypto.m in Sources */ = {isa = PBXBuildFile; fileRef = B39339DE1F78E614002C934F /* NSString+Crypto.m */; };
		B3933A441F78E614002C934F /* LogHubInstallation.h in Headers */ = {isa = PBXBuildFile; fileRef = B39339E01F78E614002C934F /* LogHubInstallation.h */; };
		B3933A451F78E614002C934F /* LogHubInstallation.m in Sources */ = {isa = PBXBuildFile; fileRef = B39339E11F78E614002C934F /* LogHubInstallation.m */; };
		B3933A461F78E614002C934F /* LogHubInstallation.m in Sources */ = {isa = PBXBuildFile; fileRef = B39339E11F78E614002C934F /* LogHubInstallation.m */; };
		B3933A471F78E614002C934F /* UIViewController+APMSwizzling.h in Headers */ = {isa = PBXBuildFile; fileRef = B39339E21F78E614002C934F /* UIViewController+APMSwizzling.h */; };
		B3933A481F78E614002C934F /* UIViewController+APMSwizzling.m in Sources */ = {isa = PBXBuildFile; fileRef = B39339E31F78E614002C934F /* UIViewController+APMSwizzling.m */; };
		B3933A491F78E614002C934F /* UIViewController+APMSwizzling.m in Sources */ = {isa = PBXBuildFile; fileRef = B39339E31F78E614002C934F /* UIViewController+APMSwizzling.m */; };
		B3933A4A1F78E614002C934F /* WAGUnsmoothMonitor.h in Headers */ = {isa = PBXBuildFile; fileRef = B39339E41F78E614002C934F /* WAGUnsmoothMonitor.h */; };
		B3933A4B1F78E614002C934F /* WAGUnsmoothMonitor.m in Sources */ = {isa = PBXBuildFile; fileRef = B39339E51F78E614002C934F /* WAGUnsmoothMonitor.m */; };
		B3933A4C1F78E614002C934F /* WAGUnsmoothMonitor.m in Sources */ = {isa = PBXBuildFile; fileRef = B39339E51F78E614002C934F /* WAGUnsmoothMonitor.m */; };
		B3933A4D1F78E614002C934F /* PersistenceInstallation.h in Headers */ = {isa = PBXBuildFile; fileRef = B39339E71F78E614002C934F /* PersistenceInstallation.h */; };
		B3933A4E1F78E614002C934F /* PersistenceInstallation.m in Sources */ = {isa = PBXBuildFile; fileRef = B39339E81F78E614002C934F /* PersistenceInstallation.m */; };
		B3933A4F1F78E614002C934F /* PersistenceInstallation.m in Sources */ = {isa = PBXBuildFile; fileRef = B39339E81F78E614002C934F /* PersistenceInstallation.m */; };
		B3933A501F78E614002C934F /* WAGAPMInstallation.h in Headers */ = {isa = PBXBuildFile; fileRef = B39339E91F78E614002C934F /* WAGAPMInstallation.h */; };
		B3933A511F78E614002C934F /* WAGAPMInstallation.m in Sources */ = {isa = PBXBuildFile; fileRef = B39339EA1F78E614002C934F /* WAGAPMInstallation.m */; };
		B3933A521F78E614002C934F /* WAGAPMInstallation.m in Sources */ = {isa = PBXBuildFile; fileRef = B39339EA1F78E614002C934F /* WAGAPMInstallation.m */; };
		B3933A541F78E6C9002C934F /* WAGCommonDefine.h in Headers */ = {isa = PBXBuildFile; fileRef = B3933A531F78E6C9002C934F /* WAGCommonDefine.h */; };
/* End PBXBuildFile section */

/* Begin PBXContainerItemProxy section */
		B39339851F78E573002C934F /* PBXContainerItemProxy */ = {
			isa = PBXContainerItemProxy;
			containerPortal = B39339711F78E573002C934F /* Project object */;
			proxyType = 1;
			remoteGlobalIDString = B39339791F78E573002C934F;
			remoteInfo = AMPSDK;
		};
/* End PBXContainerItemProxy section */

/* Begin PBXFileReference section */
		5C88221CC92140512BE5CBB5 /* Pods-AMPSDK.release.xcconfig */ = {isa = PBXFileReference; includeInIndex = 1; lastKnownFileType = text.xcconfig; name = "Pods-AMPSDK.release.xcconfig"; path = "Pods/Target Support Files/Pods-AMPSDK/Pods-AMPSDK.release.xcconfig"; sourceTree = "<group>"; };
		7F1E602DB884490E84A04B18 /* Pods-AMPSDK.debug.xcconfig */ = {isa = PBXFileReference; includeInIndex = 1; lastKnownFileType = text.xcconfig; name = "Pods-AMPSDK.debug.xcconfig"; path = "Pods/Target Support Files/Pods-AMPSDK/Pods-AMPSDK.debug.xcconfig"; sourceTree = "<group>"; };
		B393397A1F78E573002C934F /* AMPSDK.framework */ = {isa = PBXFileReference; explicitFileType = wrapper.framework; includeInIndex = 0; path = AMPSDK.framework; sourceTree = BUILT_PRODUCTS_DIR; };
		B393397D1F78E573002C934F /* AMPSDK.h */ = {isa = PBXFileReference; lastKnownFileType = sourcecode.c.h; path = AMPSDK.h; sourceTree = "<group>"; };
		B393397E1F78E573002C934F /* Info.plist */ = {isa = PBXFileReference; lastKnownFileType = text.plist.xml; path = Info.plist; sourceTree = "<group>"; };
		B39339831F78E573002C934F /* AMPSDKTests.xctest */ = {isa = PBXFileReference; explicitFileType = wrapper.cfbundle; includeInIndex = 0; path = AMPSDKTests.xctest; sourceTree = BUILT_PRODUCTS_DIR; };
		B39339881F78E573002C934F /* AMPSDKTests.m */ = {isa = PBXFileReference; lastKnownFileType = sourcecode.c.objc; path = AMPSDKTests.m; sourceTree = "<group>"; };
		B393398A1F78E573002C934F /* Info.plist */ = {isa = PBXFileReference; lastKnownFileType = text.plist.xml; path = Info.plist; sourceTree = "<group>"; };
		B39339941F78E614002C934F /* WAGKeyChain.h */ = {isa = PBXFileReference; fileEncoding = 4; lastKnownFileType = sourcecode.c.h; path = WAGKeyChain.h; sourceTree = "<group>"; };
		B39339951F78E614002C934F /* WAGKeyChain.m */ = {isa = PBXFileReference; fileEncoding = 4; lastKnownFileType = sourcecode.c.objc; path = WAGKeyChain.m; sourceTree = "<group>"; };
		B39339961F78E614002C934F /* WAGUserAgent.h */ = {isa = PBXFileReference; fileEncoding = 4; lastKnownFileType = sourcecode.c.h; path = WAGUserAgent.h; sourceTree = "<group>"; };
		B39339971F78E614002C934F /* WAGUserAgent.m */ = {isa = PBXFileReference; fileEncoding = 4; lastKnownFileType = sourcecode.c.objc; path = WAGUserAgent.m; sourceTree = "<group>"; };
		B39339981F78E614002C934F /* WAGUUIDHandler.h */ = {isa = PBXFileReference; fileEncoding = 4; lastKnownFileType = sourcecode.c.h; path = WAGUUIDHandler.h; sourceTree = "<group>"; };
		B39339991F78E614002C934F /* WAGUUIDHandler.m */ = {isa = PBXFileReference; fileEncoding = 4; lastKnownFileType = sourcecode.c.objc; path = WAGUUIDHandler.m; sourceTree = "<group>"; };
		B393399B1F78E614002C934F /* BSBacktraceLogger.h */ = {isa = PBXFileReference; fileEncoding = 4; lastKnownFileType = sourcecode.c.h; path = BSBacktraceLogger.h; sourceTree = "<group>"; };
		B393399C1F78E614002C934F /* BSBacktraceLogger.m */ = {isa = PBXFileReference; fileEncoding = 4; lastKnownFileType = sourcecode.c.objc; path = BSBacktraceLogger.m; sourceTree = "<group>"; };
		B393399D1F78E614002C934F /* KSCrash+APM.h */ = {isa = PBXFileReference; fileEncoding = 4; lastKnownFileType = sourcecode.c.h; path = "KSCrash+APM.h"; sourceTree = "<group>"; };
		B393399E1F78E614002C934F /* KSCrash+APM.m */ = {isa = PBXFileReference; fileEncoding = 4; lastKnownFileType = sourcecode.c.objc; path = "KSCrash+APM.m"; sourceTree = "<group>"; };
		B393399F1F78E614002C934F /* KSCrashInstallation+APM.h */ = {isa = PBXFileReference; fileEncoding = 4; lastKnownFileType = sourcecode.c.h; path = "KSCrashInstallation+APM.h"; sourceTree = "<group>"; };
		B39339A01F78E614002C934F /* KSCrashInstallation+APM.m */ = {isa = PBXFileReference; fileEncoding = 4; lastKnownFileType = sourcecode.c.objc; path = "KSCrashInstallation+APM.m"; sourceTree = "<group>"; };
		B39339A11F78E614002C934F /* WAGKSCrashDoctor.h */ = {isa = PBXFileReference; fileEncoding = 4; lastKnownFileType = sourcecode.c.h; path = WAGKSCrashDoctor.h; sourceTree = "<group>"; };
		B39339A21F78E614002C934F /* WAGKSCrashDoctor.m */ = {isa = PBXFileReference; fileEncoding = 4; lastKnownFileType = sourcecode.c.objc; path = WAGKSCrashDoctor.m; sourceTree = "<group>"; };
		B39339A31F78E614002C934F /* WAGKSCrashInstallation.h */ = {isa = PBXFileReference; fileEncoding = 4; lastKnownFileType = sourcecode.c.h; path = WAGKSCrashInstallation.h; sourceTree = "<group>"; };
		B39339A41F78E614002C934F /* WAGKSCrashInstallation.m */ = {isa = PBXFileReference; fileEncoding = 4; lastKnownFileType = sourcecode.c.objc; path = WAGKSCrashInstallation.m; sourceTree = "<group>"; };
		B39339A51F78E614002C934F /* WAGKSCrashMarcos.h */ = {isa = PBXFileReference; fileEncoding = 4; lastKnownFileType = sourcecode.c.h; path = WAGKSCrashMarcos.h; sourceTree = "<group>"; };
		B39339A61F78E614002C934F /* WAGKSCrashReportSinkConsole.h */ = {isa = PBXFileReference; fileEncoding = 4; lastKnownFileType = sourcecode.c.h; path = WAGKSCrashReportSinkConsole.h; sourceTree = "<group>"; };
		B39339A71F78E614002C934F /* WAGKSCrashReportSinkConsole.m */ = {isa = PBXFileReference; fileEncoding = 4; lastKnownFileType = sourcecode.c.objc; path = WAGKSCrashReportSinkConsole.m; sourceTree = "<group>"; };
		B39339A91F78E614002C934F /* WAGAPMCacheIOHandler.h */ = {isa = PBXFileReference; fileEncoding = 4; lastKnownFileType = sourcecode.c.h; path = WAGAPMCacheIOHandler.h; sourceTree = "<group>"; };
		B39339AA1F78E614002C934F /* WAGAPMCacheIOHandler.m */ = {isa = PBXFileReference; fileEncoding = 4; lastKnownFileType = sourcecode.c.objc; path = WAGAPMCacheIOHandler.m; sourceTree = "<group>"; };
		B39339AC1F78E614002C934F /* c.h */ = {isa = PBXFileReference; fileEncoding = 4; lastKnownFileType = sourcecode.c.h; path = c.h; sourceTree = "<group>"; };
		B39339AD1F78E614002C934F /* cache.h */ = {isa = PBXFileReference; fileEncoding = 4; lastKnownFileType = sourcecode.c.h; path = cache.h; sourceTree = "<group>"; };
		B39339AE1F78E614002C934F /* comparator.h */ = {isa = PBXFileReference; fileEncoding = 4; lastKnownFileType = sourcecode.c.h; path = comparator.h; sourceTree = "<group>"; };
		B39339AF1F78E614002C934F /* db.h */ = {isa = PBXFileReference; fileEncoding = 4; lastKnownFileType = sourcecode.c.h; path = db.h; sourceTree = "<group>"; };
		B39339B01F78E614002C934F /* env.h */ = {isa = PBXFileReference; fileEncoding = 4; lastKnownFileType = sourcecode.c.h; path = env.h; sourceTree = "<group>"; };
		B39339B11F78E614002C934F /* filter_policy.h */ = {isa = PBXFileReference; fileEncoding = 4; lastKnownFileType = sourcecode.c.h; path = filter_policy.h; sourceTree = "<group>"; };
		B39339B21F78E614002C934F /* iterator.h */ = {isa = PBXFileReference; fileEncoding = 4; lastKnownFileType = sourcecode.c.h; path = iterator.h; sourceTree = "<group>"; };
		B39339B31F78E614002C934F /* options.h */ = {isa = PBXFileReference; fileEncoding = 4; lastKnownFileType = sourcecode.c.h; path = options.h; sourceTree = "<group>"; };
		B39339B41F78E614002C934F /* slice.h */ = {isa = PBXFileReference; fileEncoding = 4; lastKnownFileType = sourcecode.c.h; path = slice.h; sourceTree = "<group>"; };
		B39339B51F78E614002C934F /* status.h */ = {isa = PBXFileReference; fileEncoding = 4; lastKnownFileType = sourcecode.c.h; path = status.h; sourceTree = "<group>"; };
		B39339B61F78E614002C934F /* table.h */ = {isa = PBXFileReference; fileEncoding = 4; lastKnownFileType = sourcecode.c.h; path = table.h; sourceTree = "<group>"; };
		B39339B71F78E614002C934F /* table_builder.h */ = {isa = PBXFileReference; fileEncoding = 4; lastKnownFileType = sourcecode.c.h; path = table_builder.h; sourceTree = "<group>"; };
		B39339B81F78E614002C934F /* write_batch.h */ = {isa = PBXFileReference; fileEncoding = 4; lastKnownFileType = sourcecode.c.h; path = write_batch.h; sourceTree = "<group>"; };
		B39339BB1F78E614002C934F /* libleveldb.a */ = {isa = PBXFileReference; lastKnownFileType = archive.ar; path = libleveldb.a; sourceTree = "<group>"; };
		B39339BC1F78E614002C934F /* WAGLevelDB.h */ = {isa = PBXFileReference; fileEncoding = 4; lastKnownFileType = sourcecode.c.h; path = WAGLevelDB.h; sourceTree = "<group>"; };
		B39339BD1F78E614002C934F /* WAGLevelDB.mm */ = {isa = PBXFileReference; fileEncoding = 4; lastKnownFileType = sourcecode.cpp.objcpp; path = WAGLevelDB.mm; sourceTree = "<group>"; };
		B39339BF1F78E614002C934F /* ApmLog.h */ = {isa = PBXFileReference; fileEncoding = 4; lastKnownFileType = sourcecode.c.h; path = ApmLog.h; sourceTree = "<group>"; };
		B39339C01F78E614002C934F /* ApmLog.m */ = {isa = PBXFileReference; fileEncoding = 4; lastKnownFileType = sourcecode.c.objc; path = ApmLog.m; sourceTree = "<group>"; };
		B39339C11F78E614002C934F /* LogDataProvider.h */ = {isa = PBXFileReference; fileEncoding = 4; lastKnownFileType = sourcecode.c.h; path = LogDataProvider.h; sourceTree = "<group>"; };
		B39339C21F78E614002C934F /* LogDataProvider.m */ = {isa = PBXFileReference; fileEncoding = 4; lastKnownFileType = sourcecode.c.objc; path = LogDataProvider.m; sourceTree = "<group>"; };
		B39339C51F78E614002C934F /* AFNetworkActivityConsoleLogger.h */ = {isa = PBXFileReference; fileEncoding = 4; lastKnownFileType = sourcecode.c.h; path = AFNetworkActivityConsoleLogger.h; sourceTree = "<group>"; };
		B39339C61F78E614002C934F /* AFNetworkActivityConsoleLogger.m */ = {isa = PBXFileReference; fileEncoding = 4; lastKnownFileType = sourcecode.c.objc; path = AFNetworkActivityConsoleLogger.m; sourceTree = "<group>"; };
		B39339C71F78E614002C934F /* AFNetworkActivityLogger.h */ = {isa = PBXFileReference; fileEncoding = 4; lastKnownFileType = sourcecode.c.h; path = AFNetworkActivityLogger.h; sourceTree = "<group>"; };
		B39339C81F78E614002C934F /* AFNetworkActivityLogger.m */ = {isa = PBXFileReference; fileEncoding = 4; lastKnownFileType = sourcecode.c.objc; path = AFNetworkActivityLogger.m; sourceTree = "<group>"; };
		B39339C91F78E614002C934F /* AFNetworkActivityLoggerProtocol.h */ = {isa = PBXFileReference; fileEncoding = 4; lastKnownFileType = sourcecode.c.h; path = AFNetworkActivityLoggerProtocol.h; sourceTree = "<group>"; };
		B39339CB1F78E614002C934F /* WAGApiProxy+APM.h */ = {isa = PBXFileReference; fileEncoding = 4; lastKnownFileType = sourcecode.c.h; path = "WAGApiProxy+APM.h"; sourceTree = "<group>"; };
		B39339CC1F78E614002C934F /* WAGApiProxy+APM.m */ = {isa = PBXFileReference; fileEncoding = 4; lastKnownFileType = sourcecode.c.objc; path = "WAGApiProxy+APM.m"; sourceTree = "<group>"; };
		B39339CF1F78E614002C934F /* AliyunLogObjc.h */ = {isa = PBXFileReference; fileEncoding = 4; lastKnownFileType = sourcecode.c.h; path = AliyunLogObjc.h; sourceTree = "<group>"; };
		B39339D01F78E614002C934F /* Const.h */ = {isa = PBXFileReference; fileEncoding = 4; lastKnownFileType = sourcecode.c.h; path = Const.h; sourceTree = "<group>"; };
		B39339D11F78E614002C934F /* Log.h */ = {isa = PBXFileReference; fileEncoding = 4; lastKnownFileType = sourcecode.c.h; path = Log.h; sourceTree = "<group>"; };
		B39339D21F78E614002C934F /* Log.m */ = {isa = PBXFileReference; fileEncoding = 4; lastKnownFileType = sourcecode.c.objc; path = Log.m; sourceTree = "<group>"; };
		B39339D31F78E614002C934F /* LogClient.h */ = {isa = PBXFileReference; fileEncoding = 4; lastKnownFileType = sourcecode.c.h; path = LogClient.h; sourceTree = "<group>"; };
		B39339D41F78E614002C934F /* LogClient.m */ = {isa = PBXFileReference; fileEncoding = 4; lastKnownFileType = sourcecode.c.objc; path = LogClient.m; sourceTree = "<group>"; };
		B39339D51F78E614002C934F /* LogGroup.h */ = {isa = PBXFileReference; fileEncoding = 4; lastKnownFileType = sourcecode.c.h; path = LogGroup.h; sourceTree = "<group>"; };
		B39339D61F78E614002C934F /* LogGroup.m */ = {isa = PBXFileReference; fileEncoding = 4; lastKnownFileType = sourcecode.c.objc; path = LogGroup.m; sourceTree = "<group>"; };
		B39339D71F78E614002C934F /* LogHub.h */ = {isa = PBXFileReference; fileEncoding = 4; lastKnownFileType = sourcecode.c.h; path = LogHub.h; sourceTree = "<group>"; };
		B39339D81F78E614002C934F /* LogHub.m */ = {isa = PBXFileReference; fileEncoding = 4; lastKnownFileType = sourcecode.c.objc; path = LogHub.m; sourceTree = "<group>"; };
		B39339D91F78E614002C934F /* NSData+GZIP.h */ = {isa = PBXFileReference; fileEncoding = 4; lastKnownFileType = sourcecode.c.h; path = "NSData+GZIP.h"; sourceTree = "<group>"; };
		B39339DA1F78E614002C934F /* NSData+GZIP.m */ = {isa = PBXFileReference; fileEncoding = 4; lastKnownFileType = sourcecode.c.objc; path = "NSData+GZIP.m"; sourceTree = "<group>"; };
		B39339DB1F78E614002C934F /* NSData+MD5Digest.h */ = {isa = PBXFileReference; fileEncoding = 4; lastKnownFileType = sourcecode.c.h; path = "NSData+MD5Digest.h"; sourceTree = "<group>"; };
		B39339DC1F78E614002C934F /* NSData+MD5Digest.m */ = {isa = PBXFileReference; fileEncoding = 4; lastKnownFileType = sourcecode.c.objc; path = "NSData+MD5Digest.m"; sourceTree = "<group>"; };
		B39339DD1F78E614002C934F /* NSString+Crypto.h */ = {isa = PBXFileReference; fileEncoding = 4; lastKnownFileType = sourcecode.c.h; path = "NSString+Crypto.h"; sourceTree = "<group>"; };
		B39339DE1F78E614002C934F /* NSString+Crypto.m */ = {isa = PBXFileReference; fileEncoding = 4; lastKnownFileType = sourcecode.c.objc; path = "NSString+Crypto.m"; sourceTree = "<group>"; };
		B39339E01F78E614002C934F /* LogHubInstallation.h */ = {isa = PBXFileReference; fileEncoding = 4; lastKnownFileType = sourcecode.c.h; path = LogHubInstallation.h; sourceTree = "<group>"; };
		B39339E11F78E614002C934F /* LogHubInstallation.m */ = {isa = PBXFileReference; fileEncoding = 4; lastKnownFileType = sourcecode.c.objc; path = LogHubInstallation.m; sourceTree = "<group>"; };
		B39339E21F78E614002C934F /* UIViewController+APMSwizzling.h */ = {isa = PBXFileReference; fileEncoding = 4; lastKnownFileType = sourcecode.c.h; path = "UIViewController+APMSwizzling.h"; sourceTree = "<group>"; };
		B39339E31F78E614002C934F /* UIViewController+APMSwizzling.m */ = {isa = PBXFileReference; fileEncoding = 4; lastKnownFileType = sourcecode.c.objc; path = "UIViewController+APMSwizzling.m"; sourceTree = "<group>"; };
		B39339E41F78E614002C934F /* WAGUnsmoothMonitor.h */ = {isa = PBXFileReference; fileEncoding = 4; lastKnownFileType = sourcecode.c.h; path = WAGUnsmoothMonitor.h; sourceTree = "<group>"; };
		B39339E51F78E614002C934F /* WAGUnsmoothMonitor.m */ = {isa = PBXFileReference; fileEncoding = 4; lastKnownFileType = sourcecode.c.objc; path = WAGUnsmoothMonitor.m; sourceTree = "<group>"; };
		B39339E71F78E614002C934F /* PersistenceInstallation.h */ = {isa = PBXFileReference; fileEncoding = 4; lastKnownFileType = sourcecode.c.h; path = PersistenceInstallation.h; sourceTree = "<group>"; };
		B39339E81F78E614002C934F /* PersistenceInstallation.m */ = {isa = PBXFileReference; fileEncoding = 4; lastKnownFileType = sourcecode.c.objc; path = PersistenceInstallation.m; sourceTree = "<group>"; };
		B39339E91F78E614002C934F /* WAGAPMInstallation.h */ = {isa = PBXFileReference; fileEncoding = 4; lastKnownFileType = sourcecode.c.h; path = WAGAPMInstallation.h; sourceTree = "<group>"; };
		B39339EA1F78E614002C934F /* WAGAPMInstallation.m */ = {isa = PBXFileReference; fileEncoding = 4; lastKnownFileType = sourcecode.c.objc; path = WAGAPMInstallation.m; sourceTree = "<group>"; };
		B3933A531F78E6C9002C934F /* WAGCommonDefine.h */ = {isa = PBXFileReference; fileEncoding = 4; lastKnownFileType = sourcecode.c.h; path = WAGCommonDefine.h; sourceTree = "<group>"; };
		D54E07F84F13ECFC8B757C8A /* libPods-AMPSDK.a */ = {isa = PBXFileReference; explicitFileType = archive.ar; includeInIndex = 0; path = "libPods-AMPSDK.a"; sourceTree = BUILT_PRODUCTS_DIR; };
/* End PBXFileReference section */

/* Begin PBXFrameworksBuildPhase section */
		B39339761F78E573002C934F /* Frameworks */ = {
			isa = PBXFrameworksBuildPhase;
			buildActionMask = 2147483647;
			files = (
				B3933A181F78E614002C934F /* libleveldb.a in Frameworks */,
				A69FEC9889A574475B13A19F /* libPods-AMPSDK.a in Frameworks */,
			);
			runOnlyForDeploymentPostprocessing = 0;
		};
		B39339801F78E573002C934F /* Frameworks */ = {
			isa = PBXFrameworksBuildPhase;
			buildActionMask = 2147483647;
			files = (
				B3933A191F78E614002C934F /* libleveldb.a in Frameworks */,
				B39339841F78E573002C934F /* AMPSDK.framework in Frameworks */,
			);
			runOnlyForDeploymentPostprocessing = 0;
		};
/* End PBXFrameworksBuildPhase section */

/* Begin PBXGroup section */
		050F3C9E69C91703159A528E /* Pods */ = {
			isa = PBXGroup;
			children = (
				7F1E602DB884490E84A04B18 /* Pods-AMPSDK.debug.xcconfig */,
				5C88221CC92140512BE5CBB5 /* Pods-AMPSDK.release.xcconfig */,
			);
			name = Pods;
			sourceTree = "<group>";
		};
		A3CD7F70B474DE9EF7330A58 /* Frameworks */ = {
			isa = PBXGroup;
			children = (
				D54E07F84F13ECFC8B757C8A /* libPods-AMPSDK.a */,
			);
			name = Frameworks;
			sourceTree = "<group>";
		};
		B39339701F78E573002C934F = {
			isa = PBXGroup;
			children = (
				B393397C1F78E573002C934F /* AMPSDK */,
				B39339871F78E573002C934F /* AMPSDKTests */,
				B393397B1F78E573002C934F /* Products */,
				050F3C9E69C91703159A528E /* Pods */,
				A3CD7F70B474DE9EF7330A58 /* Frameworks */,
			);
			sourceTree = "<group>";
		};
		B393397B1F78E573002C934F /* Products */ = {
			isa = PBXGroup;
			children = (
				B393397A1F78E573002C934F /* AMPSDK.framework */,
				B39339831F78E573002C934F /* AMPSDKTests.xctest */,
			);
			name = Products;
			sourceTree = "<group>";
		};
		B393397C1F78E573002C934F /* AMPSDK */ = {
			isa = PBXGroup;
			children = (
				B3933A531F78E6C9002C934F /* WAGCommonDefine.h */,
				B39339EB1F78E614002C934F /* APM */,
				B393397D1F78E573002C934F /* AMPSDK.h */,
				B393397E1F78E573002C934F /* Info.plist */,
			);
			path = AMPSDK;
			sourceTree = "<group>";
		};
		B39339871F78E573002C934F /* AMPSDKTests */ = {
			isa = PBXGroup;
			children = (
				B39339881F78E573002C934F /* AMPSDKTests.m */,
				B393398A1F78E573002C934F /* Info.plist */,
			);
			path = AMPSDKTests;
			sourceTree = "<group>";
		};
		B393399A1F78E614002C934F /* AppInfo */ = {
			isa = PBXGroup;
			children = (
				B39339941F78E614002C934F /* WAGKeyChain.h */,
				B39339951F78E614002C934F /* WAGKeyChain.m */,
				B39339961F78E614002C934F /* WAGUserAgent.h */,
				B39339971F78E614002C934F /* WAGUserAgent.m */,
				B39339981F78E614002C934F /* WAGUUIDHandler.h */,
				B39339991F78E614002C934F /* WAGUUIDHandler.m */,
			);
			path = AppInfo;
			sourceTree = "<group>";
		};
		B39339A81F78E614002C934F /* CrashBackTrace */ = {
			isa = PBXGroup;
			children = (
				B393399B1F78E614002C934F /* BSBacktraceLogger.h */,
				B393399C1F78E614002C934F /* BSBacktraceLogger.m */,
				B393399D1F78E614002C934F /* KSCrash+APM.h */,
				B393399E1F78E614002C934F /* KSCrash+APM.m */,
				B393399F1F78E614002C934F /* KSCrashInstallation+APM.h */,
				B39339A01F78E614002C934F /* KSCrashInstallation+APM.m */,
				B39339A11F78E614002C934F /* WAGKSCrashDoctor.h */,
				B39339A21F78E614002C934F /* WAGKSCrashDoctor.m */,
				B39339A31F78E614002C934F /* WAGKSCrashInstallation.h */,
				B39339A41F78E614002C934F /* WAGKSCrashInstallation.m */,
				B39339A51F78E614002C934F /* WAGKSCrashMarcos.h */,
				B39339A61F78E614002C934F /* WAGKSCrashReportSinkConsole.h */,
				B39339A71F78E614002C934F /* WAGKSCrashReportSinkConsole.m */,
			);
			path = CrashBackTrace;
			sourceTree = "<group>";
		};
		B39339AB1F78E614002C934F /* CacheAndLocal */ = {
			isa = PBXGroup;
			children = (
				B39339A91F78E614002C934F /* WAGAPMCacheIOHandler.h */,
				B39339AA1F78E614002C934F /* WAGAPMCacheIOHandler.m */,
			);
			path = CacheAndLocal;
			sourceTree = "<group>";
		};
		B39339B91F78E614002C934F /* leveldb */ = {
			isa = PBXGroup;
			children = (
				B39339AC1F78E614002C934F /* c.h */,
				B39339AD1F78E614002C934F /* cache.h */,
				B39339AE1F78E614002C934F /* comparator.h */,
				B39339AF1F78E614002C934F /* db.h */,
				B39339B01F78E614002C934F /* env.h */,
				B39339B11F78E614002C934F /* filter_policy.h */,
				B39339B21F78E614002C934F /* iterator.h */,
				B39339B31F78E614002C934F /* options.h */,
				B39339B41F78E614002C934F /* slice.h */,
				B39339B51F78E614002C934F /* status.h */,
				B39339B61F78E614002C934F /* table.h */,
				B39339B71F78E614002C934F /* table_builder.h */,
				B39339B81F78E614002C934F /* write_batch.h */,
			);
			path = leveldb;
			sourceTree = "<group>";
		};
		B39339BA1F78E614002C934F /* include */ = {
			isa = PBXGroup;
			children = (
				B39339B91F78E614002C934F /* leveldb */,
			);
			path = include;
			sourceTree = "<group>";
		};
		B39339BE1F78E614002C934F /* LevelDB */ = {
			isa = PBXGroup;
			children = (
				B39339BA1F78E614002C934F /* include */,
				B39339BB1F78E614002C934F /* libleveldb.a */,
				B39339BC1F78E614002C934F /* WAGLevelDB.h */,
				B39339BD1F78E614002C934F /* WAGLevelDB.mm */,
			);
			path = LevelDB;
			sourceTree = "<group>";
		};
		B39339C31F78E614002C934F /* SqliteDB */ = {
			isa = PBXGroup;
			children = (
				B39339BF1F78E614002C934F /* ApmLog.h */,
				B39339C01F78E614002C934F /* ApmLog.m */,
				B39339C11F78E614002C934F /* LogDataProvider.h */,
				B39339C21F78E614002C934F /* LogDataProvider.m */,
			);
			path = SqliteDB;
			sourceTree = "<group>";
		};
		B39339C41F78E614002C934F /* DataProvider */ = {
			isa = PBXGroup;
			children = (
				B39339AB1F78E614002C934F /* CacheAndLocal */,
				B39339BE1F78E614002C934F /* LevelDB */,
				B39339C31F78E614002C934F /* SqliteDB */,
			);
			path = DataProvider;
			sourceTree = "<group>";
		};
		B39339CA1F78E614002C934F /* AFNetworkActivityLogger */ = {
			isa = PBXGroup;
			children = (
				B39339C51F78E614002C934F /* AFNetworkActivityConsoleLogger.h */,
				B39339C61F78E614002C934F /* AFNetworkActivityConsoleLogger.m */,
				B39339C71F78E614002C934F /* AFNetworkActivityLogger.h */,
				B39339C81F78E614002C934F /* AFNetworkActivityLogger.m */,
				B39339C91F78E614002C934F /* AFNetworkActivityLoggerProtocol.h */,
			);
			path = AFNetworkActivityLogger;
			sourceTree = "<group>";
		};
		B39339CD1F78E614002C934F /* ApiProxyHook */ = {
			isa = PBXGroup;
			children = (
				B39339CB1F78E614002C934F /* WAGApiProxy+APM.h */,
				B39339CC1F78E614002C934F /* WAGApiProxy+APM.m */,
			);
			path = ApiProxyHook;
			sourceTree = "<group>";
		};
		B39339CE1F78E614002C934F /* HttpTrace */ = {
			isa = PBXGroup;
			children = (
				B39339CA1F78E614002C934F /* AFNetworkActivityLogger */,
				B39339CD1F78E614002C934F /* ApiProxyHook */,
			);
			path = HttpTrace;
			sourceTree = "<group>";
		};
		B39339DF1F78E614002C934F /* InfoPoster */ = {
			isa = PBXGroup;
			children = (
				B39339CF1F78E614002C934F /* AliyunLogObjc.h */,
				B39339D01F78E614002C934F /* Const.h */,
				B39339D11F78E614002C934F /* Log.h */,
				B39339D21F78E614002C934F /* Log.m */,
				B39339D31F78E614002C934F /* LogClient.h */,
				B39339D41F78E614002C934F /* LogClient.m */,
				B39339D51F78E614002C934F /* LogGroup.h */,
				B39339D61F78E614002C934F /* LogGroup.m */,
				B39339D71F78E614002C934F /* LogHub.h */,
				B39339D81F78E614002C934F /* LogHub.m */,
				B39339D91F78E614002C934F /* NSData+GZIP.h */,
				B39339DA1F78E614002C934F /* NSData+GZIP.m */,
				B39339DB1F78E614002C934F /* NSData+MD5Digest.h */,
				B39339DC1F78E614002C934F /* NSData+MD5Digest.m */,
				B39339DD1F78E614002C934F /* NSString+Crypto.h */,
				B39339DE1F78E614002C934F /* NSString+Crypto.m */,
			);
			path = InfoPoster;
			sourceTree = "<group>";
		};
		B39339E61F78E614002C934F /* PerformanceTrace */ = {
			isa = PBXGroup;
			children = (
				B39339E21F78E614002C934F /* UIViewController+APMSwizzling.h */,
				B39339E31F78E614002C934F /* UIViewController+APMSwizzling.m */,
				B39339E41F78E614002C934F /* WAGUnsmoothMonitor.h */,
				B39339E51F78E614002C934F /* WAGUnsmoothMonitor.m */,
			);
			path = PerformanceTrace;
			sourceTree = "<group>";
		};
		B39339EB1F78E614002C934F /* APM */ = {
			isa = PBXGroup;
			children = (
				B393399A1F78E614002C934F /* AppInfo */,
				B39339A81F78E614002C934F /* CrashBackTrace */,
				B39339C41F78E614002C934F /* DataProvider */,
				B39339CE1F78E614002C934F /* HttpTrace */,
				B39339DF1F78E614002C934F /* InfoPoster */,
				B39339E01F78E614002C934F /* LogHubInstallation.h */,
				B39339E11F78E614002C934F /* LogHubInstallation.m */,
				B39339E61F78E614002C934F /* PerformanceTrace */,
				B39339E71F78E614002C934F /* PersistenceInstallation.h */,
				B39339E81F78E614002C934F /* PersistenceInstallation.m */,
				B39339E91F78E614002C934F /* WAGAPMInstallation.h */,
				B39339EA1F78E614002C934F /* WAGAPMInstallation.m */,
			);
			name = APM;
			path = ../../AMPPro/AMPPro/APM;
			sourceTree = "<group>";
		};
/* End PBXGroup section */

/* Begin PBXHeadersBuildPhase section */
		B39339771F78E573002C934F /* Headers */ = {
			isa = PBXHeadersBuildPhase;
			buildActionMask = 2147483647;
			files = (
				B3933A4D1F78E614002C934F /* PersistenceInstallation.h in Headers */,
				B3933A411F78E614002C934F /* NSString+Crypto.h in Headers */,
				B3933A131F78E614002C934F /* slice.h in Headers */,
				B3933A0E1F78E614002C934F /* db.h in Headers */,
				B3933A321F78E614002C934F /* LogClient.h in Headers */,
				B3933A501F78E614002C934F /* WAGAPMInstallation.h in Headers */,
				B3933A141F78E614002C934F /* status.h in Headers */,
				B3933A1A1F78E614002C934F /* WAGLevelDB.h in Headers */,
				B3933A0F1F78E614002C934F /* env.h in Headers */,
				B39339EC1F78E614002C934F /* WAGKeyChain.h in Headers */,
				B3933A231F78E614002C934F /* AFNetworkActivityConsoleLogger.h in Headers */,
				B3933A1D1F78E614002C934F /* ApmLog.h in Headers */,
				B39339FE1F78E614002C934F /* WAGKSCrashDoctor.h in Headers */,
				B3933A111F78E614002C934F /* iterator.h in Headers */,
				B3933A2E1F78E614002C934F /* Const.h in Headers */,
				B3933A3E1F78E614002C934F /* NSData+MD5Digest.h in Headers */,
				B3933A051F78E614002C934F /* WAGKSCrashReportSinkConsole.h in Headers */,
				B3933A2D1F78E614002C934F /* AliyunLogObjc.h in Headers */,
				B3933A2A1F78E614002C934F /* WAGApiProxy+APM.h in Headers */,
				B3933A471F78E614002C934F /* UIViewController+APMSwizzling.h in Headers */,
				B3933A381F78E614002C934F /* LogHub.h in Headers */,
				B3933A0B1F78E614002C934F /* c.h in Headers */,
				B3933A081F78E614002C934F /* WAGAPMCacheIOHandler.h in Headers */,
				B3933A0C1F78E614002C934F /* cache.h in Headers */,
				B3933A161F78E614002C934F /* table_builder.h in Headers */,
				B39339EF1F78E614002C934F /* WAGUserAgent.h in Headers */,
				B3933A441F78E614002C934F /* LogHubInstallation.h in Headers */,
				B3933A351F78E614002C934F /* LogGroup.h in Headers */,
				B39339F21F78E614002C934F /* WAGUUIDHandler.h in Headers */,
				B3933A121F78E614002C934F /* options.h in Headers */,
				B3933A541F78E6C9002C934F /* WAGCommonDefine.h in Headers */,
				B3933A291F78E614002C934F /* AFNetworkActivityLoggerProtocol.h in Headers */,
				B3933A101F78E614002C934F /* filter_policy.h in Headers */,
				B39339FB1F78E614002C934F /* KSCrashInstallation+APM.h in Headers */,
				B3933A151F78E614002C934F /* table.h in Headers */,
				B3933A041F78E614002C934F /* WAGKSCrashMarcos.h in Headers */,
				B393398B1F78E573002C934F /* AMPSDK.h in Headers */,
				B3933A4A1F78E614002C934F /* WAGUnsmoothMonitor.h in Headers */,
				B3933A201F78E614002C934F /* LogDataProvider.h in Headers */,
				B3933A0D1F78E614002C934F /* comparator.h in Headers */,
				B3933A261F78E614002C934F /* AFNetworkActivityLogger.h in Headers */,
				B3933A171F78E614002C934F /* write_batch.h in Headers */,
				B3933A2F1F78E614002C934F /* Log.h in Headers */,
				B39339F51F78E614002C934F /* BSBacktraceLogger.h in Headers */,
				B3933A011F78E614002C934F /* WAGKSCrashInstallation.h in Headers */,
				B3933A3B1F78E614002C934F /* NSData+GZIP.h in Headers */,
				B39339F81F78E614002C934F /* KSCrash+APM.h in Headers */,
			);
			runOnlyForDeploymentPostprocessing = 0;
		};
/* End PBXHeadersBuildPhase section */

/* Begin PBXNativeTarget section */
		B39339791F78E573002C934F /* AMPSDK */ = {
			isa = PBXNativeTarget;
			buildConfigurationList = B393398E1F78E573002C934F /* Build configuration list for PBXNativeTarget "AMPSDK" */;
			buildPhases = (
				23551F064CE53A9B6427EA51 /* [CP] Check Pods Manifest.lock */,
				B39339751F78E573002C934F /* Sources */,
				B39339761F78E573002C934F /* Frameworks */,
				B39339771F78E573002C934F /* Headers */,
				B39339781F78E573002C934F /* Resources */,
				45676B7F29A3D78A63EDF7EF /* [CP] Copy Pods Resources */,
			);
			buildRules = (
			);
			dependencies = (
			);
			name = AMPSDK;
			productName = AMPSDK;
			productReference = B393397A1F78E573002C934F /* AMPSDK.framework */;
			productType = "com.apple.product-type.framework";
		};
		B39339821F78E573002C934F /* AMPSDKTests */ = {
			isa = PBXNativeTarget;
			buildConfigurationList = B39339911F78E573002C934F /* Build configuration list for PBXNativeTarget "AMPSDKTests" */;
			buildPhases = (
				B393397F1F78E573002C934F /* Sources */,
				B39339801F78E573002C934F /* Frameworks */,
				B39339811F78E573002C934F /* Resources */,
			);
			buildRules = (
			);
			dependencies = (
				B39339861F78E573002C934F /* PBXTargetDependency */,
			);
			name = AMPSDKTests;
			productName = AMPSDKTests;
			productReference = B39339831F78E573002C934F /* AMPSDKTests.xctest */;
			productType = "com.apple.product-type.bundle.unit-test";
		};
/* End PBXNativeTarget section */

/* Begin PBXProject section */
		B39339711F78E573002C934F /* Project object */ = {
			isa = PBXProject;
			attributes = {
				LastUpgradeCheck = 0830;
				ORGANIZATIONNAME = yj;
				TargetAttributes = {
					B39339791F78E573002C934F = {
						CreatedOnToolsVersion = 8.3.2;
						ProvisioningStyle = Automatic;
					};
					B39339821F78E573002C934F = {
						CreatedOnToolsVersion = 8.3.2;
						ProvisioningStyle = Automatic;
					};
				};
			};
			buildConfigurationList = B39339741F78E573002C934F /* Build configuration list for PBXProject "AMPSDK" */;
			compatibilityVersion = "Xcode 3.2";
			developmentRegion = English;
			hasScannedForEncodings = 0;
			knownRegions = (
				en,
			);
			mainGroup = B39339701F78E573002C934F;
			productRefGroup = B393397B1F78E573002C934F /* Products */;
			projectDirPath = "";
			projectRoot = "";
			targets = (
				B39339791F78E573002C934F /* AMPSDK */,
				B39339821F78E573002C934F /* AMPSDKTests */,
			);
		};
/* End PBXProject section */

/* Begin PBXResourcesBuildPhase section */
		B39339781F78E573002C934F /* Resources */ = {
			isa = PBXResourcesBuildPhase;
			buildActionMask = 2147483647;
			files = (
			);
			runOnlyForDeploymentPostprocessing = 0;
		};
		B39339811F78E573002C934F /* Resources */ = {
			isa = PBXResourcesBuildPhase;
			buildActionMask = 2147483647;
			files = (
			);
			runOnlyForDeploymentPostprocessing = 0;
		};
/* End PBXResourcesBuildPhase section */

/* Begin PBXShellScriptBuildPhase section */
		23551F064CE53A9B6427EA51 /* [CP] Check Pods Manifest.lock */ = {
			isa = PBXShellScriptBuildPhase;
			buildActionMask = 2147483647;
			files = (
			);
			inputPaths = (
				"${PODS_PODFILE_DIR_PATH}/Podfile.lock",
				"${PODS_ROOT}/Manifest.lock",
			);
			name = "[CP] Check Pods Manifest.lock";
			outputPaths = (
				"$(DERIVED_FILE_DIR)/Pods-AMPSDK-checkManifestLockResult.txt",
			);
			runOnlyForDeploymentPostprocessing = 0;
			shellPath = /bin/sh;
			shellScript = "diff \"${PODS_PODFILE_DIR_PATH}/Podfile.lock\" \"${PODS_ROOT}/Manifest.lock\" > /dev/null\nif [ $? != 0 ] ; then\n    # print error to STDERR\n    echo \"error: The sandbox is not in sync with the Podfile.lock. Run 'pod install' or update your CocoaPods installation.\" >&2\n    exit 1\nfi\n# This output is used by Xcode 'outputs' to avoid re-running this script phase.\necho \"SUCCESS\" > \"${SCRIPT_OUTPUT_FILE_0}\"\n";
			showEnvVarsInLog = 0;
		};
		45676B7F29A3D78A63EDF7EF /* [CP] Copy Pods Resources */ = {
			isa = PBXShellScriptBuildPhase;
			buildActionMask = 2147483647;
			files = (
			);
			inputPaths = (
			);
			name = "[CP] Copy Pods Resources";
			outputPaths = (
			);
			runOnlyForDeploymentPostprocessing = 0;
			shellPath = /bin/sh;
			shellScript = "\"${SRCROOT}/Pods/Target Support Files/Pods-AMPSDK/Pods-AMPSDK-resources.sh\"\n";
			showEnvVarsInLog = 0;
		};
/* End PBXShellScriptBuildPhase section */

/* Begin PBXSourcesBuildPhase section */
		B39339751F78E573002C934F /* Sources */ = {
			isa = PBXSourcesBuildPhase;
			buildActionMask = 2147483647;
			files = (
				B3933A2B1F78E614002C934F /* WAGApiProxy+APM.m in Sources */,
				B3933A1B1F78E614002C934F /* WAGLevelDB.mm in Sources */,
				B3933A091F78E614002C934F /* WAGAPMCacheIOHandler.m in Sources */,
				B39339F01F78E614002C934F /* WAGUserAgent.m in Sources */,
				B39339FF1F78E614002C934F /* WAGKSCrashDoctor.m in Sources */,
				B3933A331F78E614002C934F /* LogClient.m in Sources */,
				B3933A4E1F78E614002C934F /* PersistenceInstallation.m in Sources */,
				B3933A061F78E614002C934F /* WAGKSCrashReportSinkConsole.m in Sources */,
				B3933A301F78E614002C934F /* Log.m in Sources */,
				B3933A211F78E614002C934F /* LogDataProvider.m in Sources */,
				B39339ED1F78E614002C934F /* WAGKeyChain.m in Sources */,
				B3933A3C1F78E614002C934F /* NSData+GZIP.m in Sources */,
				B3933A3F1F78E614002C934F /* NSData+MD5Digest.m in Sources */,
				B3933A021F78E614002C934F /* WAGKSCrashInstallation.m in Sources */,
				B3933A241F78E614002C934F /* AFNetworkActivityConsoleLogger.m in Sources */,
				B3933A391F78E614002C934F /* LogHub.m in Sources */,
				B3933A481F78E614002C934F /* UIViewController+APMSwizzling.m in Sources */,
				B3933A1E1F78E614002C934F /* ApmLog.m in Sources */,
				B3933A271F78E614002C934F /* AFNetworkActivityLogger.m in Sources */,
				B39339F31F78E614002C934F /* WAGUUIDHandler.m in Sources */,
				B3933A451F78E614002C934F /* LogHubInstallation.m in Sources */,
				B3933A421F78E614002C934F /* NSString+Crypto.m in Sources */,
				B39339F61F78E614002C934F /* BSBacktraceLogger.m in Sources */,
				B39339FC1F78E614002C934F /* KSCrashInstallation+APM.m in Sources */,
				B3933A361F78E614002C934F /* LogGroup.m in Sources */,
				B39339F91F78E614002C934F /* KSCrash+APM.m in Sources */,
				B3933A511F78E614002C934F /* WAGAPMInstallation.m in Sources */,
				B3933A4B1F78E614002C934F /* WAGUnsmoothMonitor.m in Sources */,
			);
			runOnlyForDeploymentPostprocessing = 0;
		};
		B393397F1F78E573002C934F /* Sources */ = {
			isa = PBXSourcesBuildPhase;
			buildActionMask = 2147483647;
			files = (
				B3933A3D1F78E614002C934F /* NSData+GZIP.m in Sources */,
				B39339891F78E573002C934F /* AMPSDKTests.m in Sources */,
				B39339EE1F78E614002C934F /* WAGKeyChain.m in Sources */,
				B3933A4F1F78E614002C934F /* PersistenceInstallation.m in Sources */,
				B3933A461F78E614002C934F /* LogHubInstallation.m in Sources */,
				B3933A281F78E614002C934F /* AFNetworkActivityLogger.m in Sources */,
				B3933A251F78E614002C934F /* AFNetworkActivityConsoleLogger.m in Sources */,
				B39339FA1F78E614002C934F /* KSCrash+APM.m in Sources */,
				B3933A491F78E614002C934F /* UIViewController+APMSwizzling.m in Sources */,
				B39339F11F78E614002C934F /* WAGUserAgent.m in Sources */,
				B3933A3A1F78E614002C934F /* LogHub.m in Sources */,
				B39339FD1F78E614002C934F /* KSCrashInstallation+APM.m in Sources */,
				B3933A2C1F78E614002C934F /* WAGApiProxy+APM.m in Sources */,
				B3933A221F78E614002C934F /* LogDataProvider.m in Sources */,
				B3933A0A1F78E614002C934F /* WAGAPMCacheIOHandler.m in Sources */,
				B39339F41F78E614002C934F /* WAGUUIDHandler.m in Sources */,
				B3933A001F78E614002C934F /* WAGKSCrashDoctor.m in Sources */,
				B3933A311F78E614002C934F /* Log.m in Sources */,
				B3933A521F78E614002C934F /* WAGAPMInstallation.m in Sources */,
				B39339F71F78E614002C934F /* BSBacktraceLogger.m in Sources */,
				B3933A4C1F78E614002C934F /* WAGUnsmoothMonitor.m in Sources */,
				B3933A431F78E614002C934F /* NSString+Crypto.m in Sources */,
				B3933A071F78E614002C934F /* WAGKSCrashReportSinkConsole.m in Sources */,
				B3933A1C1F78E614002C934F /* WAGLevelDB.mm in Sources */,
				B3933A401F78E614002C934F /* NSData+MD5Digest.m in Sources */,
				B3933A371F78E614002C934F /* LogGroup.m in Sources */,
				B3933A341F78E614002C934F /* LogClient.m in Sources */,
				B3933A1F1F78E614002C934F /* ApmLog.m in Sources */,
				B3933A031F78E614002C934F /* WAGKSCrashInstallation.m in Sources */,
			);
			runOnlyForDeploymentPostprocessing = 0;
		};
/* End PBXSourcesBuildPhase section */

/* Begin PBXTargetDependency section */
		B39339861F78E573002C934F /* PBXTargetDependency */ = {
			isa = PBXTargetDependency;
			target = B39339791F78E573002C934F /* AMPSDK */;
			targetProxy = B39339851F78E573002C934F /* PBXContainerItemProxy */;
		};
/* End PBXTargetDependency section */

/* Begin XCBuildConfiguration section */
		B393398C1F78E573002C934F /* Debug */ = {
			isa = XCBuildConfiguration;
			buildSettings = {
				ALWAYS_SEARCH_USER_PATHS = NO;
				CLANG_ANALYZER_NONNULL = YES;
				CLANG_ANALYZER_NUMBER_OBJECT_CONVERSION = YES_AGGRESSIVE;
				CLANG_CXX_LANGUAGE_STANDARD = "gnu++0x";
				CLANG_CXX_LIBRARY = "libc++";
				CLANG_ENABLE_MODULES = YES;
				CLANG_ENABLE_OBJC_ARC = YES;
				CLANG_WARN_BOOL_CONVERSION = YES;
				CLANG_WARN_CONSTANT_CONVERSION = YES;
				CLANG_WARN_DIRECT_OBJC_ISA_USAGE = YES_ERROR;
				CLANG_WARN_DOCUMENTATION_COMMENTS = YES;
				CLANG_WARN_EMPTY_BODY = YES;
				CLANG_WARN_ENUM_CONVERSION = YES;
				CLANG_WARN_INFINITE_RECURSION = YES;
				CLANG_WARN_INT_CONVERSION = YES;
				CLANG_WARN_OBJC_ROOT_CLASS = YES_ERROR;
				CLANG_WARN_SUSPICIOUS_MOVE = YES;
				CLANG_WARN_UNREACHABLE_CODE = YES;
				CLANG_WARN__DUPLICATE_METHOD_MATCH = YES;
				"CODE_SIGN_IDENTITY[sdk=iphoneos*]" = "iPhone Developer";
				COPY_PHASE_STRIP = NO;
				CURRENT_PROJECT_VERSION = 1;
				DEBUG_INFORMATION_FORMAT = dwarf;
				ENABLE_STRICT_OBJC_MSGSEND = YES;
				ENABLE_TESTABILITY = YES;
				GCC_C_LANGUAGE_STANDARD = gnu99;
				GCC_DYNAMIC_NO_PIC = NO;
				GCC_NO_COMMON_BLOCKS = YES;
				GCC_OPTIMIZATION_LEVEL = 0;
				GCC_PREPROCESSOR_DEFINITIONS = (
					"DEBUG=1",
					"$(inherited)",
				);
				GCC_WARN_64_TO_32_BIT_CONVERSION = YES;
				GCC_WARN_ABOUT_RETURN_TYPE = YES_ERROR;
				GCC_WARN_UNDECLARED_SELECTOR = YES;
				GCC_WARN_UNINITIALIZED_AUTOS = YES_AGGRESSIVE;
				GCC_WARN_UNUSED_FUNCTION = YES;
				GCC_WARN_UNUSED_VARIABLE = YES;
				IPHONEOS_DEPLOYMENT_TARGET = 10.3;
				MTL_ENABLE_DEBUG_INFO = YES;
				ONLY_ACTIVE_ARCH = YES;
				SDKROOT = iphoneos;
				TARGETED_DEVICE_FAMILY = "1,2";
				VERSIONING_SYSTEM = "apple-generic";
				VERSION_INFO_PREFIX = "";
			};
			name = Debug;
		};
		B393398D1F78E573002C934F /* Release */ = {
			isa = XCBuildConfiguration;
			buildSettings = {
				ALWAYS_SEARCH_USER_PATHS = NO;
				CLANG_ANALYZER_NONNULL = YES;
				CLANG_ANALYZER_NUMBER_OBJECT_CONVERSION = YES_AGGRESSIVE;
				CLANG_CXX_LANGUAGE_STANDARD = "gnu++0x";
				CLANG_CXX_LIBRARY = "libc++";
				CLANG_ENABLE_MODULES = YES;
				CLANG_ENABLE_OBJC_ARC = YES;
				CLANG_WARN_BOOL_CONVERSION = YES;
				CLANG_WARN_CONSTANT_CONVERSION = YES;
				CLANG_WARN_DIRECT_OBJC_ISA_USAGE = YES_ERROR;
				CLANG_WARN_DOCUMENTATION_COMMENTS = YES;
				CLANG_WARN_EMPTY_BODY = YES;
				CLANG_WARN_ENUM_CONVERSION = YES;
				CLANG_WARN_INFINITE_RECURSION = YES;
				CLANG_WARN_INT_CONVERSION = YES;
				CLANG_WARN_OBJC_ROOT_CLASS = YES_ERROR;
				CLANG_WARN_SUSPICIOUS_MOVE = YES;
				CLANG_WARN_UNREACHABLE_CODE = YES;
				CLANG_WARN__DUPLICATE_METHOD_MATCH = YES;
				"CODE_SIGN_IDENTITY[sdk=iphoneos*]" = "iPhone Developer";
				COPY_PHASE_STRIP = NO;
				CURRENT_PROJECT_VERSION = 1;
				DEBUG_INFORMATION_FORMAT = "dwarf-with-dsym";
				ENABLE_NS_ASSERTIONS = NO;
				ENABLE_STRICT_OBJC_MSGSEND = YES;
				GCC_C_LANGUAGE_STANDARD = gnu99;
				GCC_NO_COMMON_BLOCKS = YES;
				GCC_WARN_64_TO_32_BIT_CONVERSION = YES;
				GCC_WARN_ABOUT_RETURN_TYPE = YES_ERROR;
				GCC_WARN_UNDECLARED_SELECTOR = YES;
				GCC_WARN_UNINITIALIZED_AUTOS = YES_AGGRESSIVE;
				GCC_WARN_UNUSED_FUNCTION = YES;
				GCC_WARN_UNUSED_VARIABLE = YES;
				IPHONEOS_DEPLOYMENT_TARGET = 10.3;
				MTL_ENABLE_DEBUG_INFO = NO;
				SDKROOT = iphoneos;
				TARGETED_DEVICE_FAMILY = "1,2";
				VALIDATE_PRODUCT = YES;
				VERSIONING_SYSTEM = "apple-generic";
				VERSION_INFO_PREFIX = "";
			};
			name = Release;
		};
		B393398F1F78E573002C934F /* Debug */ = {
			isa = XCBuildConfiguration;
			baseConfigurationReference = 7F1E602DB884490E84A04B18 /* Pods-AMPSDK.debug.xcconfig */;
			buildSettings = {
				CODE_SIGN_IDENTITY = "iPhone Developer";
				DEFINES_MODULE = YES;
				DYLIB_COMPATIBILITY_VERSION = 1;
				DYLIB_CURRENT_VERSION = 1;
				DYLIB_INSTALL_NAME_BASE = "@rpath";
				HEADER_SEARCH_PATHS = (
					"$(inherited)",
					"\"${PODS_ROOT}/Headers/Public\"",
					"\"${PODS_ROOT}/Headers/Public/AFNetworking\"",
					"\"${PODS_ROOT}/Headers/Public/FMDB\"",
					"\"${PODS_ROOT}/Headers/Public/KSCrash\"",
					"\"$(SRCROOT)/../AMPPro/AMPPro/APM/DataProvider/LevelDB/include\"",
				);
				INFOPLIST_FILE = AMPSDK/Info.plist;
				INSTALL_PATH = "$(LOCAL_LIBRARY_DIR)/Frameworks";
				LD_RUNPATH_SEARCH_PATHS = "$(inherited) @executable_path/Frameworks @loader_path/Frameworks";
				PRODUCT_BUNDLE_IDENTIFIER = yj.AMPSDK;
				PRODUCT_NAME = "$(TARGET_NAME)";
				SKIP_INSTALL = YES;
			};
			name = Debug;
		};
		B39339901F78E573002C934F /* Release */ = {
			isa = XCBuildConfiguration;
			baseConfigurationReference = 5C88221CC92140512BE5CBB5 /* Pods-AMPSDK.release.xcconfig */;
			buildSettings = {
				CODE_SIGN_IDENTITY = "iPhone Developer";
				DEFINES_MODULE = YES;
				DYLIB_COMPATIBILITY_VERSION = 1;
				DYLIB_CURRENT_VERSION = 1;
				DYLIB_INSTALL_NAME_BASE = "@rpath";
				HEADER_SEARCH_PATHS = (
					"$(inherited)",
					"\"${PODS_ROOT}/Headers/Public\"",
					"\"${PODS_ROOT}/Headers/Public/AFNetworking\"",
					"\"${PODS_ROOT}/Headers/Public/FMDB\"",
					"\"${PODS_ROOT}/Headers/Public/KSCrash\"",
					"\"$(SRCROOT)/../AMPPro/AMPPro/APM/DataProvider/LevelDB/include\"",
				);
				INFOPLIST_FILE = AMPSDK/Info.plist;
				INSTALL_PATH = "$(LOCAL_LIBRARY_DIR)/Frameworks";
				LD_RUNPATH_SEARCH_PATHS = "$(inherited) @executable_path/Frameworks @loader_path/Frameworks";
				PRODUCT_BUNDLE_IDENTIFIER = yj.AMPSDK;
				PRODUCT_NAME = "$(TARGET_NAME)";
				SKIP_INSTALL = YES;
			};
			name = Release;
		};
		B39339921F78E573002C934F /* Debug */ = {
			isa = XCBuildConfiguration;
			buildSettings = {
				INFOPLIST_FILE = AMPSDKTests/Info.plist;
				LD_RUNPATH_SEARCH_PATHS = "$(inherited) @executable_path/Frameworks @loader_path/Frameworks";
				PRODUCT_BUNDLE_IDENTIFIER = yj.AMPSDKTests;
				PRODUCT_NAME = "$(TARGET_NAME)";
			};
			name = Debug;
		};
		B39339931F78E573002C934F /* Release */ = {
			isa = XCBuildConfiguration;
			buildSettings = {
				INFOPLIST_FILE = AMPSDKTests/Info.plist;
				LD_RUNPATH_SEARCH_PATHS = "$(inherited) @executable_path/Frameworks @loader_path/Frameworks";
				PRODUCT_BUNDLE_IDENTIFIER = yj.AMPSDKTests;
				PRODUCT_NAME = "$(TARGET_NAME)";
			};
			name = Release;
		};
/* End XCBuildConfiguration section */

/* Begin XCConfigurationList section */
		B39339741F78E573002C934F /* Build configuration list for PBXProject "AMPSDK" */ = {
			isa = XCConfigurationList;
			buildConfigurations = (
				B393398C1F78E573002C934F /* Debug */,
				B393398D1F78E573002C934F /* Release */,
			);
			defaultConfigurationIsVisible = 0;
			defaultConfigurationName = Release;
		};
		B393398E1F78E573002C934F /* Build configuration list for PBXNativeTarget "AMPSDK" */ = {
			isa = XCConfigurationList;
			buildConfigurations = (
				B393398F1F78E573002C934F /* Debug */,
				B39339901F78E573002C934F /* Release */,
			);
			defaultConfigurationIsVisible = 0;
			defaultConfigurationName = Release;
		};
		B39339911F78E573002C934F /* Build configuration list for PBXNativeTarget "AMPSDKTests" */ = {
			isa = XCConfigurationList;
			buildConfigurations = (
				B39339921F78E573002C934F /* Debug */,
				B39339931F78E573002C934F /* Release */,
			);
			defaultConfigurationIsVisible = 0;
			defaultConfigurationName = Release;
		};
/* End XCConfigurationList section */
	};
	rootObject = B39339711F78E573002C934F /* Project object */;
}
