// !$*UTF8*$!
{
	archiveVersion = 1;
	classes = {
	};
	objectVersion = 48;
	objects = {

/* Begin PBXBuildFile section */
		B394A5121F78DE3A00BED5ED /* AppDelegate.m in Sources */ = {isa = PBXBuildFile; fileRef = B394A5111F78DE3A00BED5ED /* AppDelegate.m */; };
		B394A5151F78DE3A00BED5ED /* ViewController.m in Sources */ = {isa = PBXBuildFile; fileRef = B394A5141F78DE3A00BED5ED /* ViewController.m */; };
		B394A5181F78DE3A00BED5ED /* Main.storyboard in Resources */ = {isa = PBXBuildFile; fileRef = B394A5161F78DE3A00BED5ED /* Main.storyboard */; };
		B394A51A1F78DE3A00BED5ED /* Assets.xcassets in Resources */ = {isa = PBXBuildFile; fileRef = B394A5191F78DE3A00BED5ED /* Assets.xcassets */; };
		B394A51D1F78DE3A00BED5ED /* LaunchScreen.storyboard in Resources */ = {isa = PBXBuildFile; fileRef = B394A51B1F78DE3A00BED5ED /* LaunchScreen.storyboard */; };
		B394A5201F78DE3A00BED5ED /* main.m in Sources */ = {isa = PBXBuildFile; fileRef = B394A51F1F78DE3A00BED5ED /* main.m */; };
		EC9F2E4B166D179BA8CADC3C /* libPods-AMPPro.a in Frameworks */ = {isa = PBXBuildFile; fileRef = AC5230F43024063B0E0EDEDA /* libPods-AMPPro.a */; };
/* End PBXBuildFile section */

/* Begin PBXFileReference section */
		05ACA5A0362C2394FB6E712C /* Pods-AMPPro.debug.xcconfig */ = {isa = PBXFileReference; includeInIndex = 1; lastKnownFileType = text.xcconfig; name = "Pods-AMPPro.debug.xcconfig"; path = "Pods/Target Support Files/Pods-AMPPro/Pods-AMPPro.debug.xcconfig"; sourceTree = "<group>"; };
		4FE9918AF8FEBBB1F71560C8 /* Pods-AMPPro.release.xcconfig */ = {isa = PBXFileReference; includeInIndex = 1; lastKnownFileType = text.xcconfig; name = "Pods-AMPPro.release.xcconfig"; path = "Pods/Target Support Files/Pods-AMPPro/Pods-AMPPro.release.xcconfig"; sourceTree = "<group>"; };
		AC5230F43024063B0E0EDEDA /* libPods-AMPPro.a */ = {isa = PBXFileReference; explicitFileType = archive.ar; includeInIndex = 0; path = "libPods-AMPPro.a"; sourceTree = BUILT_PRODUCTS_DIR; };
		B394A50D1F78DE3A00BED5ED /* AMPPro.app */ = {isa = PBXFileReference; explicitFileType = wrapper.application; includeInIndex = 0; path = AMPPro.app; sourceTree = BUILT_PRODUCTS_DIR; };
		B394A5101F78DE3A00BED5ED /* AppDelegate.h */ = {isa = PBXFileReference; lastKnownFileType = sourcecode.c.h; path = AppDelegate.h; sourceTree = "<group>"; };
		B394A5111F78DE3A00BED5ED /* AppDelegate.m */ = {isa = PBXFileReference; lastKnownFileType = sourcecode.c.objc; path = AppDelegate.m; sourceTree = "<group>"; };
		B394A5131F78DE3A00BED5ED /* ViewController.h */ = {isa = PBXFileReference; lastKnownFileType = sourcecode.c.h; path = ViewController.h; sourceTree = "<group>"; };
		B394A5141F78DE3A00BED5ED /* ViewController.m */ = {isa = PBXFileReference; lastKnownFileType = sourcecode.c.objc; path = ViewController.m; sourceTree = "<group>"; };
		B394A5171F78DE3A00BED5ED /* Base */ = {isa = PBXFileReference; lastKnownFileType = file.storyboard; name = Base; path = Base.lproj/Main.storyboard; sourceTree = "<group>"; };
		B394A5191F78DE3A00BED5ED /* Assets.xcassets */ = {isa = PBXFileReference; lastKnownFileType = folder.assetcatalog; path = Assets.xcassets; sourceTree = "<group>"; };
		B394A51C1F78DE3A00BED5ED /* Base */ = {isa = PBXFileReference; lastKnownFileType = file.storyboard; name = Base; path = Base.lproj/LaunchScreen.storyboard; sourceTree = "<group>"; };
		B394A51E1F78DE3A00BED5ED /* Info.plist */ = {isa = PBXFileReference; lastKnownFileType = text.plist.xml; path = Info.plist; sourceTree = "<group>"; };
		B394A51F1F78DE3A00BED5ED /* main.m */ = {isa = PBXFileReference; lastKnownFileType = sourcecode.c.objc; path = main.m; sourceTree = "<group>"; };
		B394A5281F78DF1C00BED5ED /* WAGKeyChain.h */ = {isa = PBXFileReference; lastKnownFileType = sourcecode.c.h; path = WAGKeyChain.h; sourceTree = "<group>"; };
		B394A5291F78DF1C00BED5ED /* WAGKeyChain.m */ = {isa = PBXFileReference; lastKnownFileType = sourcecode.c.objc; path = WAGKeyChain.m; sourceTree = "<group>"; };
		B394A52A1F78DF1C00BED5ED /* WAGUserAgent.h */ = {isa = PBXFileReference; lastKnownFileType = sourcecode.c.h; path = WAGUserAgent.h; sourceTree = "<group>"; };
		B394A52B1F78DF1C00BED5ED /* WAGUserAgent.m */ = {isa = PBXFileReference; lastKnownFileType = sourcecode.c.objc; path = WAGUserAgent.m; sourceTree = "<group>"; };
		B394A52C1F78DF1C00BED5ED /* WAGUUIDHandler.h */ = {isa = PBXFileReference; lastKnownFileType = sourcecode.c.h; path = WAGUUIDHandler.h; sourceTree = "<group>"; };
		B394A52D1F78DF1C00BED5ED /* WAGUUIDHandler.m */ = {isa = PBXFileReference; lastKnownFileType = sourcecode.c.objc; path = WAGUUIDHandler.m; sourceTree = "<group>"; };
		B394A52F1F78DF1C00BED5ED /* BSBacktraceLogger.h */ = {isa = PBXFileReference; lastKnownFileType = sourcecode.c.h; path = BSBacktraceLogger.h; sourceTree = "<group>"; };
		B394A5301F78DF1C00BED5ED /* BSBacktraceLogger.m */ = {isa = PBXFileReference; lastKnownFileType = sourcecode.c.objc; path = BSBacktraceLogger.m; sourceTree = "<group>"; };
		B394A5311F78DF1C00BED5ED /* KSCrash+APM.h */ = {isa = PBXFileReference; lastKnownFileType = sourcecode.c.h; path = "KSCrash+APM.h"; sourceTree = "<group>"; };
		B394A5321F78DF1C00BED5ED /* KSCrash+APM.m */ = {isa = PBXFileReference; lastKnownFileType = sourcecode.c.objc; path = "KSCrash+APM.m"; sourceTree = "<group>"; };
		B394A5331F78DF1C00BED5ED /* KSCrashInstallation+APM.h */ = {isa = PBXFileReference; lastKnownFileType = sourcecode.c.h; path = "KSCrashInstallation+APM.h"; sourceTree = "<group>"; };
		B394A5341F78DF1C00BED5ED /* KSCrashInstallation+APM.m */ = {isa = PBXFileReference; lastKnownFileType = sourcecode.c.objc; path = "KSCrashInstallation+APM.m"; sourceTree = "<group>"; };
		B394A5351F78DF1C00BED5ED /* WAGKSCrashDoctor.h */ = {isa = PBXFileReference; lastKnownFileType = sourcecode.c.h; path = WAGKSCrashDoctor.h; sourceTree = "<group>"; };
		B394A5361F78DF1C00BED5ED /* WAGKSCrashDoctor.m */ = {isa = PBXFileReference; lastKnownFileType = sourcecode.c.objc; path = WAGKSCrashDoctor.m; sourceTree = "<group>"; };
		B394A5371F78DF1C00BED5ED /* WAGKSCrashInstallation.h */ = {isa = PBXFileReference; lastKnownFileType = sourcecode.c.h; path = WAGKSCrashInstallation.h; sourceTree = "<group>"; };
		B394A5381F78DF1C00BED5ED /* WAGKSCrashInstallation.m */ = {isa = PBXFileReference; lastKnownFileType = sourcecode.c.objc; path = WAGKSCrashInstallation.m; sourceTree = "<group>"; };
		B394A5391F78DF1C00BED5ED /* WAGKSCrashMarcos.h */ = {isa = PBXFileReference; lastKnownFileType = sourcecode.c.h; path = WAGKSCrashMarcos.h; sourceTree = "<group>"; };
		B394A53A1F78DF1C00BED5ED /* WAGKSCrashReportSinkConsole.h */ = {isa = PBXFileReference; lastKnownFileType = sourcecode.c.h; path = WAGKSCrashReportSinkConsole.h; sourceTree = "<group>"; };
		B394A53B1F78DF1C00BED5ED /* WAGKSCrashReportSinkConsole.m */ = {isa = PBXFileReference; lastKnownFileType = sourcecode.c.objc; path = WAGKSCrashReportSinkConsole.m; sourceTree = "<group>"; };
		B394A53E1F78DF1C00BED5ED /* WAGAPMCacheIOHandler.h */ = {isa = PBXFileReference; lastKnownFileType = sourcecode.c.h; path = WAGAPMCacheIOHandler.h; sourceTree = "<group>"; };
		B394A53F1F78DF1C00BED5ED /* WAGAPMCacheIOHandler.m */ = {isa = PBXFileReference; lastKnownFileType = sourcecode.c.objc; path = WAGAPMCacheIOHandler.m; sourceTree = "<group>"; };
		B394A5431F78DF1C00BED5ED /* c.h */ = {isa = PBXFileReference; lastKnownFileType = sourcecode.c.h; path = c.h; sourceTree = "<group>"; };
		B394A5441F78DF1C00BED5ED /* cache.h */ = {isa = PBXFileReference; lastKnownFileType = sourcecode.c.h; path = cache.h; sourceTree = "<group>"; };
		B394A5451F78DF1C00BED5ED /* comparator.h */ = {isa = PBXFileReference; lastKnownFileType = sourcecode.c.h; path = comparator.h; sourceTree = "<group>"; };
		B394A5461F78DF1C00BED5ED /* db.h */ = {isa = PBXFileReference; lastKnownFileType = sourcecode.c.h; path = db.h; sourceTree = "<group>"; };
		B394A5471F78DF1C00BED5ED /* env.h */ = {isa = PBXFileReference; lastKnownFileType = sourcecode.c.h; path = env.h; sourceTree = "<group>"; };
		B394A5481F78DF1C00BED5ED /* filter_policy.h */ = {isa = PBXFileReference; lastKnownFileType = sourcecode.c.h; path = filter_policy.h; sourceTree = "<group>"; };
		B394A5491F78DF1C00BED5ED /* iterator.h */ = {isa = PBXFileReference; lastKnownFileType = sourcecode.c.h; path = iterator.h; sourceTree = "<group>"; };
		B394A54A1F78DF1C00BED5ED /* options.h */ = {isa = PBXFileReference; lastKnownFileType = sourcecode.c.h; path = options.h; sourceTree = "<group>"; };
		B394A54B1F78DF1C00BED5ED /* slice.h */ = {isa = PBXFileReference; lastKnownFileType = sourcecode.c.h; path = slice.h; sourceTree = "<group>"; };
		B394A54C1F78DF1C00BED5ED /* status.h */ = {isa = PBXFileReference; lastKnownFileType = sourcecode.c.h; path = status.h; sourceTree = "<group>"; };
		B394A54D1F78DF1C00BED5ED /* table.h */ = {isa = PBXFileReference; lastKnownFileType = sourcecode.c.h; path = table.h; sourceTree = "<group>"; };
		B394A54E1F78DF1C00BED5ED /* table_builder.h */ = {isa = PBXFileReference; lastKnownFileType = sourcecode.c.h; path = table_builder.h; sourceTree = "<group>"; };
		B394A54F1F78DF1C00BED5ED /* write_batch.h */ = {isa = PBXFileReference; lastKnownFileType = sourcecode.c.h; path = write_batch.h; sourceTree = "<group>"; };
		B394A5501F78DF1C00BED5ED /* libleveldb.a */ = {isa = PBXFileReference; lastKnownFileType = archive.ar; path = libleveldb.a; sourceTree = "<group>"; };
		B394A5511F78DF1C00BED5ED /* WAGLevelDB.h */ = {isa = PBXFileReference; lastKnownFileType = sourcecode.c.h; path = WAGLevelDB.h; sourceTree = "<group>"; };
		B394A5521F78DF1C00BED5ED /* WAGLevelDB.mm */ = {isa = PBXFileReference; lastKnownFileType = sourcecode.cpp.objcpp; path = WAGLevelDB.mm; sourceTree = "<group>"; };
		B394A5541F78DF1C00BED5ED /* ApmLog.h */ = {isa = PBXFileReference; lastKnownFileType = sourcecode.c.h; path = ApmLog.h; sourceTree = "<group>"; };
		B394A5551F78DF1C00BED5ED /* ApmLog.m */ = {isa = PBXFileReference; lastKnownFileType = sourcecode.c.objc; path = ApmLog.m; sourceTree = "<group>"; };
		B394A5561F78DF1C00BED5ED /* LogDataProvider.h */ = {isa = PBXFileReference; lastKnownFileType = sourcecode.c.h; path = LogDataProvider.h; sourceTree = "<group>"; };
		B394A5571F78DF1C00BED5ED /* LogDataProvider.m */ = {isa = PBXFileReference; lastKnownFileType = sourcecode.c.objc; path = LogDataProvider.m; sourceTree = "<group>"; };
		B394A55A1F78DF1C00BED5ED /* AFNetworkActivityConsoleLogger.h */ = {isa = PBXFileReference; lastKnownFileType = sourcecode.c.h; path = AFNetworkActivityConsoleLogger.h; sourceTree = "<group>"; };
		B394A55B1F78DF1C00BED5ED /* AFNetworkActivityConsoleLogger.m */ = {isa = PBXFileReference; lastKnownFileType = sourcecode.c.objc; path = AFNetworkActivityConsoleLogger.m; sourceTree = "<group>"; };
		B394A55C1F78DF1C00BED5ED /* AFNetworkActivityLogger.h */ = {isa = PBXFileReference; lastKnownFileType = sourcecode.c.h; path = AFNetworkActivityLogger.h; sourceTree = "<group>"; };
		B394A55D1F78DF1C00BED5ED /* AFNetworkActivityLogger.m */ = {isa = PBXFileReference; lastKnownFileType = sourcecode.c.objc; path = AFNetworkActivityLogger.m; sourceTree = "<group>"; };
		B394A55E1F78DF1C00BED5ED /* AFNetworkActivityLoggerProtocol.h */ = {isa = PBXFileReference; lastKnownFileType = sourcecode.c.h; path = AFNetworkActivityLoggerProtocol.h; sourceTree = "<group>"; };
		B394A5601F78DF1C00BED5ED /* WAGApiProxy+APM.h */ = {isa = PBXFileReference; lastKnownFileType = sourcecode.c.h; path = "WAGApiProxy+APM.h"; sourceTree = "<group>"; };
		B394A5611F78DF1C00BED5ED /* WAGApiProxy+APM.m */ = {isa = PBXFileReference; lastKnownFileType = sourcecode.c.objc; path = "WAGApiProxy+APM.m"; sourceTree = "<group>"; };
		B394A5631F78DF1C00BED5ED /* AliyunLogObjc.h */ = {isa = PBXFileReference; lastKnownFileType = sourcecode.c.h; path = AliyunLogObjc.h; sourceTree = "<group>"; };
		B394A5641F78DF1C00BED5ED /* Const.h */ = {isa = PBXFileReference; lastKnownFileType = sourcecode.c.h; path = Const.h; sourceTree = "<group>"; };
		B394A5651F78DF1C00BED5ED /* Log.h */ = {isa = PBXFileReference; lastKnownFileType = sourcecode.c.h; path = Log.h; sourceTree = "<group>"; };
		B394A5661F78DF1C00BED5ED /* Log.m */ = {isa = PBXFileReference; lastKnownFileType = sourcecode.c.objc; path = Log.m; sourceTree = "<group>"; };
		B394A5671F78DF1C00BED5ED /* LogClient.h */ = {isa = PBXFileReference; lastKnownFileType = sourcecode.c.h; path = LogClient.h; sourceTree = "<group>"; };
		B394A5681F78DF1C00BED5ED /* LogClient.m */ = {isa = PBXFileReference; lastKnownFileType = sourcecode.c.objc; path = LogClient.m; sourceTree = "<group>"; };
		B394A5691F78DF1C00BED5ED /* LogGroup.h */ = {isa = PBXFileReference; lastKnownFileType = sourcecode.c.h; path = LogGroup.h; sourceTree = "<group>"; };
		B394A56A1F78DF1C00BED5ED /* LogGroup.m */ = {isa = PBXFileReference; lastKnownFileType = sourcecode.c.objc; path = LogGroup.m; sourceTree = "<group>"; };
		B394A56B1F78DF1C00BED5ED /* LogHub.h */ = {isa = PBXFileReference; lastKnownFileType = sourcecode.c.h; path = LogHub.h; sourceTree = "<group>"; };
		B394A56C1F78DF1C00BED5ED /* LogHub.m */ = {isa = PBXFileReference; lastKnownFileType = sourcecode.c.objc; path = LogHub.m; sourceTree = "<group>"; };
		B394A56D1F78DF1C00BED5ED /* NSData+GZIP.h */ = {isa = PBXFileReference; lastKnownFileType = sourcecode.c.h; path = "NSData+GZIP.h"; sourceTree = "<group>"; };
		B394A56E1F78DF1C00BED5ED /* NSData+GZIP.m */ = {isa = PBXFileReference; lastKnownFileType = sourcecode.c.objc; path = "NSData+GZIP.m"; sourceTree = "<group>"; };
		B394A56F1F78DF1C00BED5ED /* NSData+MD5Digest.h */ = {isa = PBXFileReference; lastKnownFileType = sourcecode.c.h; path = "NSData+MD5Digest.h"; sourceTree = "<group>"; };
		B394A5701F78DF1C00BED5ED /* NSData+MD5Digest.m */ = {isa = PBXFileReference; lastKnownFileType = sourcecode.c.objc; path = "NSData+MD5Digest.m"; sourceTree = "<group>"; };
		B394A5711F78DF1C00BED5ED /* NSString+Crypto.h */ = {isa = PBXFileReference; lastKnownFileType = sourcecode.c.h; path = "NSString+Crypto.h"; sourceTree = "<group>"; };
		B394A5721F78DF1C00BED5ED /* NSString+Crypto.m */ = {isa = PBXFileReference; lastKnownFileType = sourcecode.c.objc; path = "NSString+Crypto.m"; sourceTree = "<group>"; };
		B394A5731F78DF1C00BED5ED /* LogHubInstallation.h */ = {isa = PBXFileReference; lastKnownFileType = sourcecode.c.h; path = LogHubInstallation.h; sourceTree = "<group>"; };
		B394A5741F78DF1C00BED5ED /* LogHubInstallation.m */ = {isa = PBXFileReference; lastKnownFileType = sourcecode.c.objc; path = LogHubInstallation.m; sourceTree = "<group>"; };
		B394A5761F78DF1C00BED5ED /* UIViewController+APMSwizzling.h */ = {isa = PBXFileReference; lastKnownFileType = sourcecode.c.h; path = "UIViewController+APMSwizzling.h"; sourceTree = "<group>"; };
		B394A5771F78DF1C00BED5ED /* UIViewController+APMSwizzling.m */ = {isa = PBXFileReference; lastKnownFileType = sourcecode.c.objc; path = "UIViewController+APMSwizzling.m"; sourceTree = "<group>"; };
		B394A5781F78DF1C00BED5ED /* WAGUnsmoothMonitor.h */ = {isa = PBXFileReference; lastKnownFileType = sourcecode.c.h; path = WAGUnsmoothMonitor.h; sourceTree = "<group>"; };
		B394A5791F78DF1C00BED5ED /* WAGUnsmoothMonitor.m */ = {isa = PBXFileReference; lastKnownFileType = sourcecode.c.objc; path = WAGUnsmoothMonitor.m; sourceTree = "<group>"; };
		B394A57A1F78DF1C00BED5ED /* PersistenceInstallation.h */ = {isa = PBXFileReference; lastKnownFileType = sourcecode.c.h; path = PersistenceInstallation.h; sourceTree = "<group>"; };
		B394A57B1F78DF1C00BED5ED /* PersistenceInstallation.m */ = {isa = PBXFileReference; lastKnownFileType = sourcecode.c.objc; path = PersistenceInstallation.m; sourceTree = "<group>"; };
		B394A57C1F78DF1C00BED5ED /* WAGAPMInstallation.h */ = {isa = PBXFileReference; lastKnownFileType = sourcecode.c.h; path = WAGAPMInstallation.h; sourceTree = "<group>"; };
		B394A57D1F78DF1C00BED5ED /* WAGAPMInstallation.m */ = {isa = PBXFileReference; lastKnownFileType = sourcecode.c.objc; path = WAGAPMInstallation.m; sourceTree = "<group>"; };
/* End PBXFileReference section */

/* Begin PBXFrameworksBuildPhase section */
		B394A50A1F78DE3A00BED5ED /* Frameworks */ = {
			isa = PBXFrameworksBuildPhase;
			buildActionMask = 2147483647;
			files = (
				EC9F2E4B166D179BA8CADC3C /* libPods-AMPPro.a in Frameworks */,
			);
			runOnlyForDeploymentPostprocessing = 0;
		};
/* End PBXFrameworksBuildPhase section */

/* Begin PBXGroup section */
		8E4B0077A4695F4DA64AF924 /* Frameworks */ = {
			isa = PBXGroup;
			children = (
				AC5230F43024063B0E0EDEDA /* libPods-AMPPro.a */,
			);
			name = Frameworks;
			sourceTree = "<group>";
		};
		B1244158A9A1FE3F4D91BFAC /* Pods */ = {
			isa = PBXGroup;
			children = (
				05ACA5A0362C2394FB6E712C /* Pods-AMPPro.debug.xcconfig */,
				4FE9918AF8FEBBB1F71560C8 /* Pods-AMPPro.release.xcconfig */,
			);
			name = Pods;
			sourceTree = "<group>";
		};
		B394A5041F78DE3A00BED5ED = {
			isa = PBXGroup;
			children = (
				B394A50F1F78DE3A00BED5ED /* AMPPro */,
				B394A50E1F78DE3A00BED5ED /* Products */,
				B1244158A9A1FE3F4D91BFAC /* Pods */,
				8E4B0077A4695F4DA64AF924 /* Frameworks */,
			);
			sourceTree = "<group>";
		};
		B394A50E1F78DE3A00BED5ED /* Products */ = {
			isa = PBXGroup;
			children = (
				B394A50D1F78DE3A00BED5ED /* AMPPro.app */,
			);
			name = Products;
			sourceTree = "<group>";
		};
		B394A50F1F78DE3A00BED5ED /* AMPPro */ = {
			isa = PBXGroup;
			children = (
				B394A5261F78DF1C00BED5ED /* APM */,
				B394A5101F78DE3A00BED5ED /* AppDelegate.h */,
				B394A5111F78DE3A00BED5ED /* AppDelegate.m */,
				B394A5131F78DE3A00BED5ED /* ViewController.h */,
				B394A5141F78DE3A00BED5ED /* ViewController.m */,
				B394A5161F78DE3A00BED5ED /* Main.storyboard */,
				B394A5191F78DE3A00BED5ED /* Assets.xcassets */,
				B394A51B1F78DE3A00BED5ED /* LaunchScreen.storyboard */,
				B394A51E1F78DE3A00BED5ED /* Info.plist */,
				B394A51F1F78DE3A00BED5ED /* main.m */,
			);
			path = AMPPro;
			sourceTree = "<group>";
		};
		B394A5261F78DF1C00BED5ED /* APM */ = {
			isa = PBXGroup;
			children = (
				B394A5271F78DF1C00BED5ED /* AppInfo */,
				B394A52E1F78DF1C00BED5ED /* CrashBackTrace */,
				B394A53C1F78DF1C00BED5ED /* DataProvider */,
				B394A5581F78DF1C00BED5ED /* HttpTrace */,
				B394A5621F78DF1C00BED5ED /* InfoPoster */,
				B394A5731F78DF1C00BED5ED /* LogHubInstallation.h */,
				B394A5741F78DF1C00BED5ED /* LogHubInstallation.m */,
				B394A5751F78DF1C00BED5ED /* PerformanceTrace */,
				B394A57A1F78DF1C00BED5ED /* PersistenceInstallation.h */,
				B394A57B1F78DF1C00BED5ED /* PersistenceInstallation.m */,
				B394A57C1F78DF1C00BED5ED /* WAGAPMInstallation.h */,
				B394A57D1F78DF1C00BED5ED /* WAGAPMInstallation.m */,
			);
			path = APM;
			sourceTree = "<group>";
		};
		B394A5271F78DF1C00BED5ED /* AppInfo */ = {
			isa = PBXGroup;
			children = (
				B394A5281F78DF1C00BED5ED /* WAGKeyChain.h */,
				B394A5291F78DF1C00BED5ED /* WAGKeyChain.m */,
				B394A52A1F78DF1C00BED5ED /* WAGUserAgent.h */,
				B394A52B1F78DF1C00BED5ED /* WAGUserAgent.m */,
				B394A52C1F78DF1C00BED5ED /* WAGUUIDHandler.h */,
				B394A52D1F78DF1C00BED5ED /* WAGUUIDHandler.m */,
			);
			path = AppInfo;
			sourceTree = "<group>";
		};
		B394A52E1F78DF1C00BED5ED /* CrashBackTrace */ = {
			isa = PBXGroup;
			children = (
				B394A52F1F78DF1C00BED5ED /* BSBacktraceLogger.h */,
				B394A5301F78DF1C00BED5ED /* BSBacktraceLogger.m */,
				B394A5311F78DF1C00BED5ED /* KSCrash+APM.h */,
				B394A5321F78DF1C00BED5ED /* KSCrash+APM.m */,
				B394A5331F78DF1C00BED5ED /* KSCrashInstallation+APM.h */,
				B394A5341F78DF1C00BED5ED /* KSCrashInstallation+APM.m */,
				B394A5351F78DF1C00BED5ED /* WAGKSCrashDoctor.h */,
				B394A5361F78DF1C00BED5ED /* WAGKSCrashDoctor.m */,
				B394A5371F78DF1C00BED5ED /* WAGKSCrashInstallation.h */,
				B394A5381F78DF1C00BED5ED /* WAGKSCrashInstallation.m */,
				B394A5391F78DF1C00BED5ED /* WAGKSCrashMarcos.h */,
				B394A53A1F78DF1C00BED5ED /* WAGKSCrashReportSinkConsole.h */,
				B394A53B1F78DF1C00BED5ED /* WAGKSCrashReportSinkConsole.m */,
			);
			path = CrashBackTrace;
			sourceTree = "<group>";
		};
		B394A53C1F78DF1C00BED5ED /* DataProvider */ = {
			isa = PBXGroup;
			children = (
				B394A53D1F78DF1C00BED5ED /* CacheAndLocal */,
				B394A5401F78DF1C00BED5ED /* LevelDB */,
				B394A5531F78DF1C00BED5ED /* SqliteDB */,
			);
			path = DataProvider;
			sourceTree = "<group>";
		};
		B394A53D1F78DF1C00BED5ED /* CacheAndLocal */ = {
			isa = PBXGroup;
			children = (
				B394A53E1F78DF1C00BED5ED /* WAGAPMCacheIOHandler.h */,
				B394A53F1F78DF1C00BED5ED /* WAGAPMCacheIOHandler.m */,
			);
			path = CacheAndLocal;
			sourceTree = "<group>";
		};
		B394A5401F78DF1C00BED5ED /* LevelDB */ = {
			isa = PBXGroup;
			children = (
				B394A5411F78DF1C00BED5ED /* include */,
				B394A5501F78DF1C00BED5ED /* libleveldb.a */,
				B394A5511F78DF1C00BED5ED /* WAGLevelDB.h */,
				B394A5521F78DF1C00BED5ED /* WAGLevelDB.mm */,
			);
			path = LevelDB;
			sourceTree = "<group>";
		};
		B394A5411F78DF1C00BED5ED /* include */ = {
			isa = PBXGroup;
			children = (
				B394A5421F78DF1C00BED5ED /* leveldb */,
			);
			path = include;
			sourceTree = "<group>";
		};
		B394A5421F78DF1C00BED5ED /* leveldb */ = {
			isa = PBXGroup;
			children = (
				B394A5431F78DF1C00BED5ED /* c.h */,
				B394A5441F78DF1C00BED5ED /* cache.h */,
				B394A5451F78DF1C00BED5ED /* comparator.h */,
				B394A5461F78DF1C00BED5ED /* db.h */,
				B394A5471F78DF1C00BED5ED /* env.h */,
				B394A5481F78DF1C00BED5ED /* filter_policy.h */,
				B394A5491F78DF1C00BED5ED /* iterator.h */,
				B394A54A1F78DF1C00BED5ED /* options.h */,
				B394A54B1F78DF1C00BED5ED /* slice.h */,
				B394A54C1F78DF1C00BED5ED /* status.h */,
				B394A54D1F78DF1C00BED5ED /* table.h */,
				B394A54E1F78DF1C00BED5ED /* table_builder.h */,
				B394A54F1F78DF1C00BED5ED /* write_batch.h */,
			);
			path = leveldb;
			sourceTree = "<group>";
		};
		B394A5531F78DF1C00BED5ED /* SqliteDB */ = {
			isa = PBXGroup;
			children = (
				B394A5541F78DF1C00BED5ED /* ApmLog.h */,
				B394A5551F78DF1C00BED5ED /* ApmLog.m */,
				B394A5561F78DF1C00BED5ED /* LogDataProvider.h */,
				B394A5571F78DF1C00BED5ED /* LogDataProvider.m */,
			);
			path = SqliteDB;
			sourceTree = "<group>";
		};
		B394A5581F78DF1C00BED5ED /* HttpTrace */ = {
			isa = PBXGroup;
			children = (
				B394A5591F78DF1C00BED5ED /* AFNetworkActivityLogger */,
				B394A55F1F78DF1C00BED5ED /* ApiProxyHook */,
			);
			path = HttpTrace;
			sourceTree = "<group>";
		};
		B394A5591F78DF1C00BED5ED /* AFNetworkActivityLogger */ = {
			isa = PBXGroup;
			children = (
				B394A55A1F78DF1C00BED5ED /* AFNetworkActivityConsoleLogger.h */,
				B394A55B1F78DF1C00BED5ED /* AFNetworkActivityConsoleLogger.m */,
				B394A55C1F78DF1C00BED5ED /* AFNetworkActivityLogger.h */,
				B394A55D1F78DF1C00BED5ED /* AFNetworkActivityLogger.m */,
				B394A55E1F78DF1C00BED5ED /* AFNetworkActivityLoggerProtocol.h */,
			);
			path = AFNetworkActivityLogger;
			sourceTree = "<group>";
		};
		B394A55F1F78DF1C00BED5ED /* ApiProxyHook */ = {
			isa = PBXGroup;
			children = (
				B394A5601F78DF1C00BED5ED /* WAGApiProxy+APM.h */,
				B394A5611F78DF1C00BED5ED /* WAGApiProxy+APM.m */,
			);
			path = ApiProxyHook;
			sourceTree = "<group>";
		};
		B394A5621F78DF1C00BED5ED /* InfoPoster */ = {
			isa = PBXGroup;
			children = (
				B394A5631F78DF1C00BED5ED /* AliyunLogObjc.h */,
				B394A5641F78DF1C00BED5ED /* Const.h */,
				B394A5651F78DF1C00BED5ED /* Log.h */,
				B394A5661F78DF1C00BED5ED /* Log.m */,
				B394A5671F78DF1C00BED5ED /* LogClient.h */,
				B394A5681F78DF1C00BED5ED /* LogClient.m */,
				B394A5691F78DF1C00BED5ED /* LogGroup.h */,
				B394A56A1F78DF1C00BED5ED /* LogGroup.m */,
				B394A56B1F78DF1C00BED5ED /* LogHub.h */,
				B394A56C1F78DF1C00BED5ED /* LogHub.m */,
				B394A56D1F78DF1C00BED5ED /* NSData+GZIP.h */,
				B394A56E1F78DF1C00BED5ED /* NSData+GZIP.m */,
				B394A56F1F78DF1C00BED5ED /* NSData+MD5Digest.h */,
				B394A5701F78DF1C00BED5ED /* NSData+MD5Digest.m */,
				B394A5711F78DF1C00BED5ED /* NSString+Crypto.h */,
				B394A5721F78DF1C00BED5ED /* NSString+Crypto.m */,
			);
			path = InfoPoster;
			sourceTree = "<group>";
		};
		B394A5751F78DF1C00BED5ED /* PerformanceTrace */ = {
			isa = PBXGroup;
			children = (
				B394A5761F78DF1C00BED5ED /* UIViewController+APMSwizzling.h */,
				B394A5771F78DF1C00BED5ED /* UIViewController+APMSwizzling.m */,
				B394A5781F78DF1C00BED5ED /* WAGUnsmoothMonitor.h */,
				B394A5791F78DF1C00BED5ED /* WAGUnsmoothMonitor.m */,
			);
			path = PerformanceTrace;
			sourceTree = "<group>";
		};
/* End PBXGroup section */

/* Begin PBXNativeTarget section */
		B394A50C1F78DE3A00BED5ED /* AMPPro */ = {
			isa = PBXNativeTarget;
			buildConfigurationList = B394A5231F78DE3A00BED5ED /* Build configuration list for PBXNativeTarget "AMPPro" */;
			buildPhases = (
				DAF302A03334A1F397248CB2 /* [CP] Check Pods Manifest.lock */,
				B394A5091F78DE3A00BED5ED /* Sources */,
				B394A50A1F78DE3A00BED5ED /* Frameworks */,
				B394A50B1F78DE3A00BED5ED /* Resources */,
				1EC1426E8A0A1DA714807886 /* [CP] Embed Pods Frameworks */,
				B723C0BCE5E8411D7827083A /* [CP] Copy Pods Resources */,
			);
			buildRules = (
			);
			dependencies = (
			);
			name = AMPPro;
			productName = AMPPro;
			productReference = B394A50D1F78DE3A00BED5ED /* AMPPro.app */;
			productType = "com.apple.product-type.application";
		};
/* End PBXNativeTarget section */

/* Begin PBXProject section */
		B394A5051F78DE3A00BED5ED /* Project object */ = {
			isa = PBXProject;
			attributes = {
				LastUpgradeCheck = 0900;
				ORGANIZATIONNAME = yj;
				TargetAttributes = {
					B394A50C1F78DE3A00BED5ED = {
						CreatedOnToolsVersion = 9.0;
						ProvisioningStyle = Manual;
					};
				};
			};
			buildConfigurationList = B394A5081F78DE3A00BED5ED /* Build configuration list for PBXProject "AMPPro" */;
			compatibilityVersion = "Xcode 8.0";
			developmentRegion = en;
			hasScannedForEncodings = 0;
			knownRegions = (
				en,
				Base,
			);
			mainGroup = B394A5041F78DE3A00BED5ED;
			productRefGroup = B394A50E1F78DE3A00BED5ED /* Products */;
			projectDirPath = "";
			projectRoot = "";
			targets = (
				B394A50C1F78DE3A00BED5ED /* AMPPro */,
			);
		};
/* End PBXProject section */

/* Begin PBXResourcesBuildPhase section */
		B394A50B1F78DE3A00BED5ED /* Resources */ = {
			isa = PBXResourcesBuildPhase;
			buildActionMask = 2147483647;
			files = (
				B394A51D1F78DE3A00BED5ED /* LaunchScreen.storyboard in Resources */,
				B394A51A1F78DE3A00BED5ED /* Assets.xcassets in Resources */,
				B394A5181F78DE3A00BED5ED /* Main.storyboard in Resources */,
			);
			runOnlyForDeploymentPostprocessing = 0;
		};
/* End PBXResourcesBuildPhase section */

/* Begin PBXShellScriptBuildPhase section */
		1EC1426E8A0A1DA714807886 /* [CP] Embed Pods Frameworks */ = {
			isa = PBXShellScriptBuildPhase;
			buildActionMask = 2147483647;
			files = (
			);
			inputPaths = (
			);
			name = "[CP] Embed Pods Frameworks";
			outputPaths = (
			);
			runOnlyForDeploymentPostprocessing = 0;
			shellPath = /bin/sh;
			shellScript = "\"${SRCROOT}/Pods/Target Support Files/Pods-AMPPro/Pods-AMPPro-frameworks.sh\"\n";
			showEnvVarsInLog = 0;
		};
		B723C0BCE5E8411D7827083A /* [CP] Copy Pods Resources */ = {
			isa = PBXShellScriptBuildPhase;
			buildActionMask = 2147483647;
			files = (
			);
			inputPaths = (
			);
			name = "[CP] Copy Pods Resources";
			outputPaths = (
			);
			runOnlyForDeploymentPostprocessing = 0;
			shellPath = /bin/sh;
			shellScript = "\"${SRCROOT}/Pods/Target Support Files/Pods-AMPPro/Pods-AMPPro-resources.sh\"\n";
			showEnvVarsInLog = 0;
		};
		DAF302A03334A1F397248CB2 /* [CP] Check Pods Manifest.lock */ = {
			isa = PBXShellScriptBuildPhase;
			buildActionMask = 2147483647;
			files = (
			);
			inputPaths = (
				"${PODS_PODFILE_DIR_PATH}/Podfile.lock",
				"${PODS_ROOT}/Manifest.lock",
			);
			name = "[CP] Check Pods Manifest.lock";
			outputPaths = (
				"$(DERIVED_FILE_DIR)/Pods-AMPPro-checkManifestLockResult.txt",
			);
			runOnlyForDeploymentPostprocessing = 0;
			shellPath = /bin/sh;
			shellScript = "diff \"${PODS_PODFILE_DIR_PATH}/Podfile.lock\" \"${PODS_ROOT}/Manifest.lock\" > /dev/null\nif [ $? != 0 ] ; then\n    # print error to STDERR\n    echo \"error: The sandbox is not in sync with the Podfile.lock. Run 'pod install' or update your CocoaPods installation.\" >&2\n    exit 1\nfi\n# This output is used by Xcode 'outputs' to avoid re-running this script phase.\necho \"SUCCESS\" > \"${SCRIPT_OUTPUT_FILE_0}\"\n";
			showEnvVarsInLog = 0;
		};
/* End PBXShellScriptBuildPhase section */

/* Begin PBXSourcesBuildPhase section */
		B394A5091F78DE3A00BED5ED /* Sources */ = {
			isa = PBXSourcesBuildPhase;
			buildActionMask = 2147483647;
			files = (
				B394A5151F78DE3A00BED5ED /* ViewController.m in Sources */,
				B394A5201F78DE3A00BED5ED /* main.m in Sources */,
				B394A5121F78DE3A00BED5ED /* AppDelegate.m in Sources */,
			);
			runOnlyForDeploymentPostprocessing = 0;
		};
/* End PBXSourcesBuildPhase section */

/* Begin PBXVariantGroup section */
		B394A5161F78DE3A00BED5ED /* Main.storyboard */ = {
			isa = PBXVariantGroup;
			children = (
				B394A5171F78DE3A00BED5ED /* Base */,
			);
			name = Main.storyboard;
			sourceTree = "<group>";
		};
		B394A51B1F78DE3A00BED5ED /* LaunchScreen.storyboard */ = {
			isa = PBXVariantGroup;
			children = (
				B394A51C1F78DE3A00BED5ED /* Base */,
			);
			name = LaunchScreen.storyboard;
			sourceTree = "<group>";
		};
/* End PBXVariantGroup section */

/* Begin XCBuildConfiguration section */
		B394A5211F78DE3A00BED5ED /* Debug */ = {
			isa = XCBuildConfiguration;
			buildSettings = {
				ALWAYS_SEARCH_USER_PATHS = NO;
				CLANG_ANALYZER_NONNULL = YES;
				CLANG_ANALYZER_NUMBER_OBJECT_CONVERSION = YES_AGGRESSIVE;
				CLANG_CXX_LANGUAGE_STANDARD = "gnu++14";
				CLANG_CXX_LIBRARY = "libc++";
				CLANG_ENABLE_MODULES = YES;
				CLANG_ENABLE_OBJC_ARC = YES;
				CLANG_WARN_BLOCK_CAPTURE_AUTORELEASING = YES;
				CLANG_WARN_BOOL_CONVERSION = YES;
				CLANG_WARN_COMMA = YES;
				CLANG_WARN_CONSTANT_CONVERSION = YES;
				CLANG_WARN_DIRECT_OBJC_ISA_USAGE = YES_ERROR;
				CLANG_WARN_DOCUMENTATION_COMMENTS = YES;
				CLANG_WARN_EMPTY_BODY = YES;
				CLANG_WARN_ENUM_CONVERSION = YES;
				CLANG_WARN_INFINITE_RECURSION = YES;
				CLANG_WARN_INT_CONVERSION = YES;
				CLANG_WARN_NON_LITERAL_NULL_CONVERSION = YES;
				CLANG_WARN_OBJC_LITERAL_CONVERSION = YES;
				CLANG_WARN_OBJC_ROOT_CLASS = YES_ERROR;
				CLANG_WARN_RANGE_LOOP_ANALYSIS = YES;
				CLANG_WARN_STRICT_PROTOTYPES = YES;
				CLANG_WARN_SUSPICIOUS_MOVE = YES;
				CLANG_WARN_UNGUARDED_AVAILABILITY = YES_AGGRESSIVE;
				CLANG_WARN_UNREACHABLE_CODE = YES;
				CLANG_WARN__DUPLICATE_METHOD_MATCH = YES;
				CODE_SIGN_IDENTITY = "iPhone Developer";
				COPY_PHASE_STRIP = NO;
				DEBUG_INFORMATION_FORMAT = dwarf;
				ENABLE_STRICT_OBJC_MSGSEND = YES;
				ENABLE_TESTABILITY = YES;
				GCC_C_LANGUAGE_STANDARD = gnu11;
				GCC_DYNAMIC_NO_PIC = NO;
				GCC_NO_COMMON_BLOCKS = YES;
				GCC_OPTIMIZATION_LEVEL = 0;
				GCC_PREPROCESSOR_DEFINITIONS = (
					"DEBUG=1",
					"$(inherited)",
				);
				GCC_WARN_64_TO_32_BIT_CONVERSION = YES;
				GCC_WARN_ABOUT_RETURN_TYPE = YES_ERROR;
				GCC_WARN_UNDECLARED_SELECTOR = YES;
				GCC_WARN_UNINITIALIZED_AUTOS = YES_AGGRESSIVE;
				GCC_WARN_UNUSED_FUNCTION = YES;
				GCC_WARN_UNUSED_VARIABLE = YES;
				IPHONEOS_DEPLOYMENT_TARGET = 11.0;
				MTL_ENABLE_DEBUG_INFO = YES;
				ONLY_ACTIVE_ARCH = YES;
				SDKROOT = iphoneos;
			};
			name = Debug;
		};
		B394A5221F78DE3A00BED5ED /* Release */ = {
			isa = XCBuildConfiguration;
			buildSettings = {
				ALWAYS_SEARCH_USER_PATHS = NO;
				CLANG_ANALYZER_NONNULL = YES;
				CLANG_ANALYZER_NUMBER_OBJECT_CONVERSION = YES_AGGRESSIVE;
				CLANG_CXX_LANGUAGE_STANDARD = "gnu++14";
				CLANG_CXX_LIBRARY = "libc++";
				CLANG_ENABLE_MODULES = YES;
				CLANG_ENABLE_OBJC_ARC = YES;
				CLANG_WARN_BLOCK_CAPTURE_AUTORELEASING = YES;
				CLANG_WARN_BOOL_CONVERSION = YES;
				CLANG_WARN_COMMA = YES;
				CLANG_WARN_CONSTANT_CONVERSION = YES;
				CLANG_WARN_DIRECT_OBJC_ISA_USAGE = YES_ERROR;
				CLANG_WARN_DOCUMENTATION_COMMENTS = YES;
				CLANG_WARN_EMPTY_BODY = YES;
				CLANG_WARN_ENUM_CONVERSION = YES;
				CLANG_WARN_INFINITE_RECURSION = YES;
				CLANG_WARN_INT_CONVERSION = YES;
				CLANG_WARN_NON_LITERAL_NULL_CONVERSION = YES;
				CLANG_WARN_OBJC_LITERAL_CONVERSION = YES;
				CLANG_WARN_OBJC_ROOT_CLASS = YES_ERROR;
				CLANG_WARN_RANGE_LOOP_ANALYSIS = YES;
				CLANG_WARN_STRICT_PROTOTYPES = YES;
				CLANG_WARN_SUSPICIOUS_MOVE = YES;
				CLANG_WARN_UNGUARDED_AVAILABILITY = YES_AGGRESSIVE;
				CLANG_WARN_UNREACHABLE_CODE = YES;
				CLANG_WARN__DUPLICATE_METHOD_MATCH = YES;
				CODE_SIGN_IDENTITY = "iPhone Developer";
				COPY_PHASE_STRIP = NO;
				DEBUG_INFORMATION_FORMAT = "dwarf-with-dsym";
				ENABLE_NS_ASSERTIONS = NO;
				ENABLE_STRICT_OBJC_MSGSEND = YES;
				GCC_C_LANGUAGE_STANDARD = gnu11;
				GCC_NO_COMMON_BLOCKS = YES;
				GCC_WARN_64_TO_32_BIT_CONVERSION = YES;
				GCC_WARN_ABOUT_RETURN_TYPE = YES_ERROR;
				GCC_WARN_UNDECLARED_SELECTOR = YES;
				GCC_WARN_UNINITIALIZED_AUTOS = YES_AGGRESSIVE;
				GCC_WARN_UNUSED_FUNCTION = YES;
				GCC_WARN_UNUSED_VARIABLE = YES;
				IPHONEOS_DEPLOYMENT_TARGET = 11.0;
				MTL_ENABLE_DEBUG_INFO = NO;
				SDKROOT = iphoneos;
				VALIDATE_PRODUCT = YES;
			};
			name = Release;
		};
		B394A5241F78DE3A00BED5ED /* Debug */ = {
			isa = XCBuildConfiguration;
			baseConfigurationReference = 05ACA5A0362C2394FB6E712C /* Pods-AMPPro.debug.xcconfig */;
			buildSettings = {
				ASSETCATALOG_COMPILER_APPICON_NAME = AppIcon;
				"CODE_SIGN_IDENTITY[sdk=iphoneos*]" = "iPhone Developer";
				CODE_SIGN_STYLE = Automatic;
				DEVELOPMENT_TEAM = "";
				INFOPLIST_FILE = AMPPro/Info.plist;
				IPHONEOS_DEPLOYMENT_TARGET = 8.1;
				LD_RUNPATH_SEARCH_PATHS = "$(inherited) @executable_path/Frameworks";
				PRODUCT_BUNDLE_IDENTIFIER = yj.AMPPro;
				PRODUCT_NAME = "$(TARGET_NAME)";
				PROVISIONING_PROFILE_SPECIFIER = "";
				TARGETED_DEVICE_FAMILY = "1,2";
			};
			name = Debug;
		};
		B394A5251F78DE3A00BED5ED /* Release */ = {
			isa = XCBuildConfiguration;
			baseConfigurationReference = 4FE9918AF8FEBBB1F71560C8 /* Pods-AMPPro.release.xcconfig */;
			buildSettings = {
				ASSETCATALOG_COMPILER_APPICON_NAME = AppIcon;
				"CODE_SIGN_IDENTITY[sdk=iphoneos*]" = "iPhone Developer";
				CODE_SIGN_STYLE = Automatic;
				DEVELOPMENT_TEAM = "";
				INFOPLIST_FILE = AMPPro/Info.plist;
				IPHONEOS_DEPLOYMENT_TARGET = 8.1;
				LD_RUNPATH_SEARCH_PATHS = "$(inherited) @executable_path/Frameworks";
				PRODUCT_BUNDLE_IDENTIFIER = yj.AMPPro;
				PRODUCT_NAME = "$(TARGET_NAME)";
				PROVISIONING_PROFILE_SPECIFIER = "";
				TARGETED_DEVICE_FAMILY = "1,2";
			};
			name = Release;
		};
/* End XCBuildConfiguration section */

/* Begin XCConfigurationList section */
		B394A5081F78DE3A00BED5ED /* Build configuration list for PBXProject "AMPPro" */ = {
			isa = XCConfigurationList;
			buildConfigurations = (
				B394A5211F78DE3A00BED5ED /* Debug */,
				B394A5221F78DE3A00BED5ED /* Release */,
			);
			defaultConfigurationIsVisible = 0;
			defaultConfigurationName = Release;
		};
		B394A5231F78DE3A00BED5ED /* Build configuration list for PBXNativeTarget "AMPPro" */ = {
			isa = XCConfigurationList;
			buildConfigurations = (
				B394A5241F78DE3A00BED5ED /* Debug */,
				B394A5251F78DE3A00BED5ED /* Release */,
			);
			defaultConfigurationIsVisible = 0;
			defaultConfigurationName = Release;
		};
/* End XCConfigurationList section */
	};
	rootObject = B394A5051F78DE3A00BED5ED /* Project object */;
}
